// !$*UTF8*$!
{
	archiveVersion = 1;
	classes = {
	};
	objectVersion = 51;
	objects = {

/* Begin PBXBuildFile section */
		4B2BD5B69203FEDBBC41AEC3 /* Pods_TrollApps.framework in Frameworks */ = {isa = PBXBuildFile; fileRef = 068050F3072675203E6A8899 /* Pods_TrollApps.framework */; };
		4F639DF12272E94500776206 /* AppDelegate.m in Sources */ = {isa = PBXBuildFile; fileRef = 4F639DF02272E94500776206 /* AppDelegate.m */; };
		4F639DF42272E94500776206 /* ViewController.m in Sources */ = {isa = PBXBuildFile; fileRef = 4F639DF32272E94500776206 /* ViewController.m */; };
		4F639DF92272E94C00776206 /* Assets.xcassets in Resources */ = {isa = PBXBuildFile; fileRef = 4F639DF82272E94C00776206 /* Assets.xcassets */; };
		4F639DFC2272E94C00776206 /* LaunchScreen.storyboard in Resources */ = {isa = PBXBuildFile; fileRef = 4F639DFA2272E94C00776206 /* LaunchScreen.storyboard */; };
		4F639DFF2272E94C00776206 /* main.m in Sources */ = {isa = PBXBuildFile; fileRef = 4F639DFE2272E94C00776206 /* main.m */; };
		C28720352E2542C300ABC6AE /* UserModel.m in Sources */ = {isa = PBXBuildFile; fileRef = C2871F9A2E2542C200ABC6AE /* UserModel.m */; };
		C28720362E2542C300ABC6AE /* TemplateListController.m in Sources */ = {isa = PBXBuildFile; fileRef = C2871F9D2E2542C200ABC6AE /* TemplateListController.m */; };
		C28720372E2542C300ABC6AE /* TemplateSectionController.m in Sources */ = {isa = PBXBuildFile; fileRef = C2871F9E2E2542C200ABC6AE /* TemplateSectionController.m */; };
		C28720382E2542C300ABC6AE /* CellHeightCache.m in Sources */ = {isa = PBXBuildFile; fileRef = C2871FA12E2542C200ABC6AE /* CellHeightCache.m */; };
		C28720392E2542C300ABC6AE /* TemplateCell.m in Sources */ = {isa = PBXBuildFile; fileRef = C2871FA42E2542C200ABC6AE /* TemplateCell.m */; };
		C287203A2E2542C300ABC6AE /* EmptyView.m in Sources */ = {isa = PBXBuildFile; fileRef = C2871FA52E2542C200ABC6AE /* EmptyView.m */; };
		C287203B2E2542C300ABC6AE /* DemoBaseViewController.m in Sources */ = {isa = PBXBuildFile; fileRef = C2871FA82E2542C200ABC6AE /* DemoBaseViewController.m */; };
		C287203C2E2542C300ABC6AE /* DemoBaseNavigationController.m in Sources */ = {isa = PBXBuildFile; fileRef = C2871FAB2E2542C200ABC6AE /* DemoBaseNavigationController.m */; };
		C287203D2E2542C300ABC6AE /* MyTabBarController.m in Sources */ = {isa = PBXBuildFile; fileRef = C2871FAD2E2542C200ABC6AE /* MyTabBarController.m */; };
		C287203E2E2542C300ABC6AE /* VIPPackageCell.m in Sources */ = {isa = PBXBuildFile; fileRef = C2871FB32E2542C300ABC6AE /* VIPPackageCell.m */; };
		C287203F2E2542C300ABC6AE /* VIPPackage.m in Sources */ = {isa = PBXBuildFile; fileRef = C2871FB72E2542C300ABC6AE /* VIPPackage.m */; };
		C28720402E2542C300ABC6AE /* EditUserProfileViewController.m in Sources */ = {isa = PBXBuildFile; fileRef = C2871FB82E2542C300ABC6AE /* EditUserProfileViewController.m */; };
		C28720412E2542C300ABC6AE /* ProfileRightViewController.m in Sources */ = {isa = PBXBuildFile; fileRef = C2871FBA2E2542C300ABC6AE /* ProfileRightViewController.m */; };
		C28720422E2542C300ABC6AE /* NewProfileViewController.mm in Sources */ = {isa = PBXBuildFile; fileRef = C2871FBB2E2542C300ABC6AE /* NewProfileViewController.mm */; };
		C28720432E2542C300ABC6AE /* MyFavoritesListViewController.m in Sources */ = {isa = PBXBuildFile; fileRef = C2871FBC2E2542C300ABC6AE /* MyFavoritesListViewController.m */; };
		C28720442E2542C300ABC6AE /* CommunityViewController.m in Sources */ = {isa = PBXBuildFile; fileRef = C2871FC12E2542C300ABC6AE /* CommunityViewController.m */; };
		C28720452E2542C300ABC6AE /* HelpViewController.m in Sources */ = {isa = PBXBuildFile; fileRef = C2871FC42E2542C300ABC6AE /* HelpViewController.m */; };
		C28720462E2542C300ABC6AE /* NewToolViewController.m in Sources */ = {isa = PBXBuildFile; fileRef = C2871FC62E2542C300ABC6AE /* NewToolViewController.m */; };
		C28720472E2542C300ABC6AE /* ToolViewCell.m in Sources */ = {isa = PBXBuildFile; fileRef = C2871FCB2E2542C300ABC6AE /* ToolViewCell.m */; };
		C28720482E2542C300ABC6AE /* WebToolModel.m in Sources */ = {isa = PBXBuildFile; fileRef = C2871FCE2E2542C300ABC6AE /* WebToolModel.m */; };
		C28720492E2542C300ABC6AE /* ToolStoreListViewController.m in Sources */ = {isa = PBXBuildFile; fileRef = C2871FCF2E2542C300ABC6AE /* ToolStoreListViewController.m */; };
		C287204A2E2542C300ABC6AE /* UploadTask.m in Sources */ = {isa = PBXBuildFile; fileRef = C2871FD62E2542C300ABC6AE /* UploadTask.m */; };
		C287204B2E2542C300ABC6AE /* TaskManager.m in Sources */ = {isa = PBXBuildFile; fileRef = C2871FD72E2542C300ABC6AE /* TaskManager.m */; };
		C287204D2E2542C300ABC6AE /* PublishAppViewController.m in Sources */ = {isa = PBXBuildFile; fileRef = C2871FDC2E2542C300ABC6AE /* PublishAppViewController.m */; };
		C287204E2E2542C300ABC6AE /* DocumentPickerViewController.m in Sources */ = {isa = PBXBuildFile; fileRef = C2871FDF2E2542C300ABC6AE /* DocumentPickerViewController.m */; };
		C287204F2E2542C300ABC6AE /* UploadFileItem.m in Sources */ = {isa = PBXBuildFile; fileRef = C2871FE32E2542C300ABC6AE /* UploadFileItem.m */; };
		C28720502E2542C300ABC6AE /* UploadManager.m in Sources */ = {isa = PBXBuildFile; fileRef = C2871FE42E2542C300ABC6AE /* UploadManager.m */; };
		C28720512E2542C300ABC6AE /* AppsViewController.mm in Sources */ = {isa = PBXBuildFile; fileRef = C2871FE52E2542C300ABC6AE /* AppsViewController.mm */; };
		C28720522E2542C300ABC6AE /* AppListViewController.m in Sources */ = {isa = PBXBuildFile; fileRef = C2871FE72E2542C300ABC6AE /* AppListViewController.m */; };
		C28720532E2542C300ABC6AE /* AppFileCell.m in Sources */ = {isa = PBXBuildFile; fileRef = C2871FEA2E2542C300ABC6AE /* AppFileCell.m */; };
		C28720542E2542C300ABC6AE /* TipBarCell.m in Sources */ = {isa = PBXBuildFile; fileRef = C2871FEB2E2542C300ABC6AE /* TipBarCell.m */; };
		C28720552E2542C300ABC6AE /* AppCommentCell.m in Sources */ = {isa = PBXBuildFile; fileRef = C2871FF02E2542C300ABC6AE /* AppCommentCell.m */; };
		C28720562E2542C300ABC6AE /* AppInfoCell.m in Sources */ = {isa = PBXBuildFile; fileRef = C2871FF12E2542C300ABC6AE /* AppInfoCell.m */; };
		C28720572E2542C300ABC6AE /* NewAppFileModel.m in Sources */ = {isa = PBXBuildFile; fileRef = C2871FF42E2542C300ABC6AE /* NewAppFileModel.m */; };
		C28720582E2542C300ABC6AE /* Demo9Model.m in Sources */ = {isa = PBXBuildFile; fileRef = C2871FF72E2542C300ABC6AE /* Demo9Model.m */; };
		C28720592E2542C300ABC6AE /* AppInfoModel.m in Sources */ = {isa = PBXBuildFile; fileRef = C2871FFA2E2542C300ABC6AE /* AppInfoModel.m */; };
		C287205A2E2542C300ABC6AE /* CommentModel.m in Sources */ = {isa = PBXBuildFile; fileRef = C2871FFB2E2542C300ABC6AE /* CommentModel.m */; };
		C287205B2E2542C300ABC6AE /* TipBarModel.m in Sources */ = {isa = PBXBuildFile; fileRef = C2871FFE2E2542C300ABC6AE /* TipBarModel.m */; };
		C287205C2E2542C300ABC6AE /* AppVersionModel.m in Sources */ = {isa = PBXBuildFile; fileRef = C2871FFF2E2542C300ABC6AE /* AppVersionModel.m */; };
		C287205D2E2542C300ABC6AE /* ShowOneAppViewController.m in Sources */ = {isa = PBXBuildFile; fileRef = C28720002E2542C300ABC6AE /* ShowOneAppViewController.m */; };
		C287205E2E2542C300ABC6AE /* CategoryManagerViewController.m in Sources */ = {isa = PBXBuildFile; fileRef = C28720032E2542C300ABC6AE /* CategoryManagerViewController.m */; };
		C287205F2E2542C300ABC6AE /* AppSearchCell.m in Sources */ = {isa = PBXBuildFile; fileRef = C28720082E2542C300ABC6AE /* AppSearchCell.m */; };
		C28720602E2542C300ABC6AE /* ITunesAppModel.m in Sources */ = {isa = PBXBuildFile; fileRef = C287200A2E2542C300ABC6AE /* ITunesAppModel.m */; };
		C28720612E2542C300ABC6AE /* AppSearchViewController.m in Sources */ = {isa = PBXBuildFile; fileRef = C287200C2E2542C300ABC6AE /* AppSearchViewController.m */; };
		C28720622E2542C300ABC6AE /* NetworkClient.m in Sources */ = {isa = PBXBuildFile; fileRef = C287200F2E2542C300ABC6AE /* NetworkClient.m */; };
		C28720632E2542C300ABC6AE /* TokenGenerator.m in Sources */ = {isa = PBXBuildFile; fileRef = C28720102E2542C300ABC6AE /* TokenGenerator.m */; };
		C28720642E2542C300ABC6AE /* FeedbackCell.m in Sources */ = {isa = PBXBuildFile; fileRef = C28720152E2542C300ABC6AE /* FeedbackCell.m */; };
		C28720652E2542C300ABC6AE /* UserFeedbackModel.m in Sources */ = {isa = PBXBuildFile; fileRef = C28720182E2542C300ABC6AE /* UserFeedbackModel.m */; };
		C28720662E2542C300ABC6AE /* FeedbackViewController.m in Sources */ = {isa = PBXBuildFile; fileRef = C287201A2E2542C300ABC6AE /* FeedbackViewController.m */; };
		C28720672E2542C300ABC6AE /* MiniButtonView.m in Sources */ = {isa = PBXBuildFile; fileRef = C287201E2E2542C300ABC6AE /* MiniButtonView.m */; };
		C28720682E2542C300ABC6AE /* CustomScrollView.m in Sources */ = {isa = PBXBuildFile; fileRef = C287201F2E2542C300ABC6AE /* CustomScrollView.m */; };
		C28720692E2542C300ABC6AE /* UIView.m in Sources */ = {isa = PBXBuildFile; fileRef = C28720222E2542C300ABC6AE /* UIView.m */; };
		C287206A2E2542C300ABC6AE /* ExpandableIconButton.m in Sources */ = {isa = PBXBuildFile; fileRef = C28720242E2542C300ABC6AE /* ExpandableIconButton.m */; };
		C287206B2E2542C300ABC6AE /* UIResponder+DoneButton.m in Sources */ = {isa = PBXBuildFile; fileRef = C28720262E2542C300ABC6AE /* UIResponder+DoneButton.m */; };
		C287206C2E2542C300ABC6AE /* KeychainTool.m in Sources */ = {isa = PBXBuildFile; fileRef = C287202A2E2542C300ABC6AE /* KeychainTool.m */; };
		C287206D2E2542C300ABC6AE /* TimeTool.m in Sources */ = {isa = PBXBuildFile; fileRef = C287202C2E2542C300ABC6AE /* TimeTool.m */; };
		C287206E2E2542C300ABC6AE /* UIColor.m in Sources */ = {isa = PBXBuildFile; fileRef = C287202E2E2542C300ABC6AE /* UIColor.m */; };
		C287206F2E2542C300ABC6AE /* MultiIconButton.m in Sources */ = {isa = PBXBuildFile; fileRef = C28720302E2542C300ABC6AE /* MultiIconButton.m */; };
		C28720702E2542C300ABC6AE /* UIImage+Extensions.m in Sources */ = {isa = PBXBuildFile; fileRef = C28720342E2542C300ABC6AE /* UIImage+Extensions.m */; };
		C28720792E25484500ABC6AE /* MediaProcessor.m in Sources */ = {isa = PBXBuildFile; fileRef = C28720762E25484500ABC6AE /* MediaProcessor.m */; };
		C287207A2E25484500ABC6AE /* HXPhotoURLConverter.m in Sources */ = {isa = PBXBuildFile; fileRef = C28720782E25484500ABC6AE /* HXPhotoURLConverter.m */; };
		C28720882E255EAA00ABC6AE /* UserProfileViewController.m in Sources */ = {isa = PBXBuildFile; fileRef = C28720872E255EAA00ABC6AE /* UserProfileViewController.m */; };
		C287208D2E25609300ABC6AE /* UserModelCell.m in Sources */ = {isa = PBXBuildFile; fileRef = C287208C2E25609300ABC6AE /* UserModelCell.m */; };
		C28720912E26342900ABC6AE /* CommentInputView.m in Sources */ = {isa = PBXBuildFile; fileRef = C28720902E26342900ABC6AE /* CommentInputView.m */; };
		C28720942E268BF100ABC6AE /* LikeModel.m in Sources */ = {isa = PBXBuildFile; fileRef = C28720932E268BF100ABC6AE /* LikeModel.m */; };
		C28720972E26C66F00ABC6AE /* UserListViewController.m in Sources */ = {isa = PBXBuildFile; fileRef = C28720962E26C66F00ABC6AE /* UserListViewController.m */; };
		C28721062E281D5400ABC6AE /* FileInstallManager.m in Sources */ = {isa = PBXBuildFile; fileRef = C28721052E281D5400ABC6AE /* FileInstallManager.m */; };
		C28721222E281E9600ABC6AE /* PidModel.mm in Sources */ = {isa = PBXBuildFile; fileRef = C28721112E281E9600ABC6AE /* PidModel.mm */; };
		C28721232E281E9600ABC6AE /* Root.m in Sources */ = {isa = PBXBuildFile; fileRef = C28721132E281E9600ABC6AE /* Root.m */; };
		C287212B2E28254C00ABC6AE /* RunInBackground.mm in Sources */ = {isa = PBXBuildFile; fileRef = C28721282E28254C00ABC6AE /* RunInBackground.mm */; };
		C287212E2E2A468800ABC6AE /* RootSign.entitlements in Resources */ = {isa = PBXBuildFile; fileRef = C287212C2E28262400ABC6AE /* RootSign.entitlements */; };
		C28721302E2A50CB00ABC6AE /* manifest.plist in Resources */ = {isa = PBXBuildFile; fileRef = C287212F2E2A50CB00ABC6AE /* manifest.plist */; };
		C28721332E2A557A00ABC6AE /* DownloadManagerViewController.m in Sources */ = {isa = PBXBuildFile; fileRef = C28721322E2A557A00ABC6AE /* DownloadManagerViewController.m */; };
		C28721382E2A942E00ABC6AE /* PrivacyPolicyViewController.m in Sources */ = {isa = PBXBuildFile; fileRef = C28721372E2A942E00ABC6AE /* PrivacyPolicyViewController.m */; };
		C287213B2E2B520800ABC6AE /* loadData.mm in Sources */ = {isa = PBXBuildFile; fileRef = C287213A2E2B520800ABC6AE /* loadData.mm */; };
		C287213E2E2BA1D900ABC6AE /* HTMLCodeEditorView.m in Sources */ = {isa = PBXBuildFile; fileRef = C287213D2E2BA1D900ABC6AE /* HTMLCodeEditorView.m */; };
		C28721412E2BA31000ABC6AE /* ToolTagsView.m in Sources */ = {isa = PBXBuildFile; fileRef = C28721402E2BA31000ABC6AE /* ToolTagsView.m */; };
		C28721452E2BE2B200ABC6AE /* WebToolManager.m in Sources */ = {isa = PBXBuildFile; fileRef = C28721442E2BE2B200ABC6AE /* WebToolManager.m */; };
		C28721482E2BE3A600ABC6AE /* WebViewController.m in Sources */ = {isa = PBXBuildFile; fileRef = C28721472E2BE3A600ABC6AE /* WebViewController.m */; };
		C287214B2E2C2B3C00ABC6AE /* ShowOneToolViewController.m in Sources */ = {isa = PBXBuildFile; fileRef = C287214A2E2C2B3C00ABC6AE /* ShowOneToolViewController.m */; };
		C28721552E2D134100ABC6AE /* MyCollectionViewController.m in Sources */ = {isa = PBXBuildFile; fileRef = C28721542E2D134100ABC6AE /* MyCollectionViewController.m */; };
		C28721592E2D366E00ABC6AE /* LeftViewController.m in Sources */ = {isa = PBXBuildFile; fileRef = C28721582E2D366E00ABC6AE /* LeftViewController.m */; };
		C287215C2E2D3B5E00ABC6AE /* MinWebToolViewCell.m in Sources */ = {isa = PBXBuildFile; fileRef = C287215B2E2D3B5E00ABC6AE /* MinWebToolViewCell.m */; };
		C28721622E2F931200ABC6AE /* DownloadProgressView.m in Sources */ = {isa = PBXBuildFile; fileRef = C28721612E2F931200ABC6AE /* DownloadProgressView.m */; };
		C28721652E2F9FD500ABC6AE /* DownloadTaskModel.m in Sources */ = {isa = PBXBuildFile; fileRef = C28721642E2F9FD500ABC6AE /* DownloadTaskModel.m */; };
		C28721972E2FC64300ABC6AE /* ArrowheadMenu.m in Sources */ = {isa = PBXBuildFile; fileRef = C287218D2E2FC64300ABC6AE /* ArrowheadMenu.m */; };
		C28721982E2FC64300ABC6AE /* CenterMenu.m in Sources */ = {isa = PBXBuildFile; fileRef = C287218E2E2FC64300ABC6AE /* CenterMenu.m */; };
		C28721992E2FC64300ABC6AE /* ArrowheadMenuSelectedState.m in Sources */ = {isa = PBXBuildFile; fileRef = C287218F2E2FC64300ABC6AE /* ArrowheadMenuSelectedState.m */; };
		C287219A2E2FC64300ABC6AE /* UIView+DrawGraphics.m in Sources */ = {isa = PBXBuildFile; fileRef = C28721942E2FC64300ABC6AE /* UIView+DrawGraphics.m */; };
		C287219B2E2FC64300ABC6AE /* BaseMenuViewController.m in Sources */ = {isa = PBXBuildFile; fileRef = C28721962E2FC64300ABC6AE /* BaseMenuViewController.m */; };
		C287219E2E30051000ABC6AE /* ImageGridSearchViewController.m in Sources */ = {isa = PBXBuildFile; fileRef = C287219D2E30051000ABC6AE /* ImageGridSearchViewController.m */; };
		C28721A22E30AE6F00ABC6AE /* ContactHelper.m in Sources */ = {isa = PBXBuildFile; fileRef = C28721A12E30AE6F00ABC6AE /* ContactHelper.m */; };
		C28721A62E3149B800ABC6AE /* ImageModel.m in Sources */ = {isa = PBXBuildFile; fileRef = C28721A52E3149B800ABC6AE /* ImageModel.m */; };
/* End PBXBuildFile section */

/* Begin PBXFileReference section */
		068050F3072675203E6A8899 /* Pods_TrollApps.framework */ = {isa = PBXFileReference; explicitFileType = wrapper.framework; includeInIndex = 0; path = Pods_TrollApps.framework; sourceTree = BUILT_PRODUCTS_DIR; };
		112BBBFD9B784D9191E54BF0 /* Pods-TrollApps.debug.xcconfig */ = {isa = PBXFileReference; includeInIndex = 1; lastKnownFileType = text.xcconfig; name = "Pods-TrollApps.debug.xcconfig"; path = "Target Support Files/Pods-TrollApps/Pods-TrollApps.debug.xcconfig"; sourceTree = "<group>"; };
		4F639DEC2272E94500776206 /* TrollApps.app */ = {isa = PBXFileReference; explicitFileType = wrapper.application; includeInIndex = 0; path = TrollApps.app; sourceTree = BUILT_PRODUCTS_DIR; };
		4F639DEF2272E94500776206 /* AppDelegate.h */ = {isa = PBXFileReference; lastKnownFileType = sourcecode.c.h; path = AppDelegate.h; sourceTree = "<group>"; };
		4F639DF02272E94500776206 /* AppDelegate.m */ = {isa = PBXFileReference; lastKnownFileType = sourcecode.c.objc; path = AppDelegate.m; sourceTree = "<group>"; };
		4F639DF22272E94500776206 /* ViewController.h */ = {isa = PBXFileReference; lastKnownFileType = sourcecode.c.h; path = ViewController.h; sourceTree = "<group>"; };
		4F639DF32272E94500776206 /* ViewController.m */ = {isa = PBXFileReference; lastKnownFileType = sourcecode.c.objc; path = ViewController.m; sourceTree = "<group>"; };
		4F639DF82272E94C00776206 /* Assets.xcassets */ = {isa = PBXFileReference; lastKnownFileType = folder.assetcatalog; path = Assets.xcassets; sourceTree = "<group>"; };
		4F639DFB2272E94C00776206 /* Base */ = {isa = PBXFileReference; lastKnownFileType = file.storyboard; name = Base; path = Base.lproj/LaunchScreen.storyboard; sourceTree = "<group>"; };
		4F639DFD2272E94C00776206 /* Info.plist */ = {isa = PBXFileReference; lastKnownFileType = text.plist.xml; path = Info.plist; sourceTree = "<group>"; };
		4F639DFE2272E94C00776206 /* main.m */ = {isa = PBXFileReference; lastKnownFileType = sourcecode.c.objc; path = main.m; sourceTree = "<group>"; };
		C2871F9A2E2542C200ABC6AE /* UserModel.m */ = {isa = PBXFileReference; fileEncoding = 4; lastKnownFileType = sourcecode.c.objc; path = UserModel.m; sourceTree = "<group>"; };
		C2871F9B2E2542C200ABC6AE /* UserModel.h */ = {isa = PBXFileReference; fileEncoding = 4; lastKnownFileType = sourcecode.c.h; path = UserModel.h; sourceTree = "<group>"; };
		C2871F9D2E2542C200ABC6AE /* TemplateListController.m */ = {isa = PBXFileReference; fileEncoding = 4; lastKnownFileType = sourcecode.c.objc; path = TemplateListController.m; sourceTree = "<group>"; };
		C2871F9E2E2542C200ABC6AE /* TemplateSectionController.m */ = {isa = PBXFileReference; fileEncoding = 4; lastKnownFileType = sourcecode.c.objc; path = TemplateSectionController.m; sourceTree = "<group>"; };
		C2871F9F2E2542C200ABC6AE /* EmptyView.h */ = {isa = PBXFileReference; fileEncoding = 4; lastKnownFileType = sourcecode.c.h; path = EmptyView.h; sourceTree = "<group>"; };
		C2871FA02E2542C200ABC6AE /* TemplateCell.h */ = {isa = PBXFileReference; fileEncoding = 4; lastKnownFileType = sourcecode.c.h; path = TemplateCell.h; sourceTree = "<group>"; };
		C2871FA12E2542C200ABC6AE /* CellHeightCache.m */ = {isa = PBXFileReference; fileEncoding = 4; lastKnownFileType = sourcecode.c.objc; path = CellHeightCache.m; sourceTree = "<group>"; };
		C2871FA22E2542C200ABC6AE /* TemplateListController.h */ = {isa = PBXFileReference; fileEncoding = 4; lastKnownFileType = sourcecode.c.h; path = TemplateListController.h; sourceTree = "<group>"; };
		C2871FA32E2542C200ABC6AE /* TemplateSectionController.h */ = {isa = PBXFileReference; fileEncoding = 4; lastKnownFileType = sourcecode.c.h; path = TemplateSectionController.h; sourceTree = "<group>"; };
		C2871FA42E2542C200ABC6AE /* TemplateCell.m */ = {isa = PBXFileReference; fileEncoding = 4; lastKnownFileType = sourcecode.c.objc; path = TemplateCell.m; sourceTree = "<group>"; };
		C2871FA52E2542C200ABC6AE /* EmptyView.m */ = {isa = PBXFileReference; fileEncoding = 4; lastKnownFileType = sourcecode.c.objc; path = EmptyView.m; sourceTree = "<group>"; };
		C2871FA62E2542C200ABC6AE /* CellHeightCache.h */ = {isa = PBXFileReference; fileEncoding = 4; lastKnownFileType = sourcecode.c.h; path = CellHeightCache.h; sourceTree = "<group>"; };
		C2871FA82E2542C200ABC6AE /* DemoBaseViewController.m */ = {isa = PBXFileReference; fileEncoding = 4; lastKnownFileType = sourcecode.c.objc; path = DemoBaseViewController.m; sourceTree = "<group>"; };
		C2871FA92E2542C200ABC6AE /* DemoBaseNavigationController.h */ = {isa = PBXFileReference; fileEncoding = 4; lastKnownFileType = sourcecode.c.h; path = DemoBaseNavigationController.h; sourceTree = "<group>"; };
		C2871FAA2E2542C200ABC6AE /* DemoBaseViewController.h */ = {isa = PBXFileReference; fileEncoding = 4; lastKnownFileType = sourcecode.c.h; path = DemoBaseViewController.h; sourceTree = "<group>"; };
		C2871FAB2E2542C200ABC6AE /* DemoBaseNavigationController.m */ = {isa = PBXFileReference; fileEncoding = 4; lastKnownFileType = sourcecode.c.objc; path = DemoBaseNavigationController.m; sourceTree = "<group>"; };
		C2871FAD2E2542C200ABC6AE /* MyTabBarController.m */ = {isa = PBXFileReference; fileEncoding = 4; lastKnownFileType = sourcecode.c.objc; path = MyTabBarController.m; sourceTree = "<group>"; };
		C2871FAE2E2542C200ABC6AE /* MyTabBarController.h */ = {isa = PBXFileReference; fileEncoding = 4; lastKnownFileType = sourcecode.c.h; path = MyTabBarController.h; sourceTree = "<group>"; };
		C2871FB32E2542C300ABC6AE /* VIPPackageCell.m */ = {isa = PBXFileReference; fileEncoding = 4; lastKnownFileType = sourcecode.c.objc; path = VIPPackageCell.m; sourceTree = "<group>"; };
		C2871FB42E2542C300ABC6AE /* VIPPackageCell.h */ = {isa = PBXFileReference; fileEncoding = 4; lastKnownFileType = sourcecode.c.h; path = VIPPackageCell.h; sourceTree = "<group>"; };
		C2871FB62E2542C300ABC6AE /* VIPPackage.h */ = {isa = PBXFileReference; fileEncoding = 4; lastKnownFileType = sourcecode.c.h; path = VIPPackage.h; sourceTree = "<group>"; };
		C2871FB72E2542C300ABC6AE /* VIPPackage.m */ = {isa = PBXFileReference; fileEncoding = 4; lastKnownFileType = sourcecode.c.objc; path = VIPPackage.m; sourceTree = "<group>"; };
		C2871FB82E2542C300ABC6AE /* EditUserProfileViewController.m */ = {isa = PBXFileReference; fileEncoding = 4; lastKnownFileType = sourcecode.c.objc; path = EditUserProfileViewController.m; sourceTree = "<group>"; };
		C2871FB92E2542C300ABC6AE /* NewProfileViewController.h */ = {isa = PBXFileReference; fileEncoding = 4; lastKnownFileType = sourcecode.c.h; path = NewProfileViewController.h; sourceTree = "<group>"; };
		C2871FBA2E2542C300ABC6AE /* ProfileRightViewController.m */ = {isa = PBXFileReference; fileEncoding = 4; lastKnownFileType = sourcecode.c.objc; path = ProfileRightViewController.m; sourceTree = "<group>"; };
		C2871FBB2E2542C300ABC6AE /* NewProfileViewController.mm */ = {isa = PBXFileReference; fileEncoding = 4; lastKnownFileType = sourcecode.cpp.objcpp; path = NewProfileViewController.mm; sourceTree = "<group>"; };
		C2871FBC2E2542C300ABC6AE /* MyFavoritesListViewController.m */ = {isa = PBXFileReference; fileEncoding = 4; lastKnownFileType = sourcecode.c.objc; path = MyFavoritesListViewController.m; sourceTree = "<group>"; };
		C2871FBD2E2542C300ABC6AE /* EditUserProfileViewController.h */ = {isa = PBXFileReference; fileEncoding = 4; lastKnownFileType = sourcecode.c.h; path = EditUserProfileViewController.h; sourceTree = "<group>"; };
		C2871FBE2E2542C300ABC6AE /* ProfileRightViewController.h */ = {isa = PBXFileReference; fileEncoding = 4; lastKnownFileType = sourcecode.c.h; path = ProfileRightViewController.h; sourceTree = "<group>"; };
		C2871FBF2E2542C300ABC6AE /* MyFavoritesListViewController.h */ = {isa = PBXFileReference; fileEncoding = 4; lastKnownFileType = sourcecode.c.h; path = MyFavoritesListViewController.h; sourceTree = "<group>"; };
		C2871FC12E2542C300ABC6AE /* CommunityViewController.m */ = {isa = PBXFileReference; fileEncoding = 4; lastKnownFileType = sourcecode.c.objc; path = CommunityViewController.m; sourceTree = "<group>"; };
		C2871FC22E2542C300ABC6AE /* HelpViewController.h */ = {isa = PBXFileReference; fileEncoding = 4; lastKnownFileType = sourcecode.c.h; path = HelpViewController.h; sourceTree = "<group>"; };
		C2871FC32E2542C300ABC6AE /* CommunityViewController.h */ = {isa = PBXFileReference; fileEncoding = 4; lastKnownFileType = sourcecode.c.h; path = CommunityViewController.h; sourceTree = "<group>"; };
		C2871FC42E2542C300ABC6AE /* HelpViewController.m */ = {isa = PBXFileReference; fileEncoding = 4; lastKnownFileType = sourcecode.c.objc; path = HelpViewController.m; sourceTree = "<group>"; };
		C2871FC62E2542C300ABC6AE /* NewToolViewController.m */ = {isa = PBXFileReference; fileEncoding = 4; lastKnownFileType = sourcecode.c.objc; path = NewToolViewController.m; sourceTree = "<group>"; };
		C2871FC72E2542C300ABC6AE /* ToolStoreListViewController.h */ = {isa = PBXFileReference; fileEncoding = 4; lastKnownFileType = sourcecode.c.h; path = ToolStoreListViewController.h; sourceTree = "<group>"; };
		C2871FC82E2542C300ABC6AE /* NewToolViewController.h */ = {isa = PBXFileReference; fileEncoding = 4; lastKnownFileType = sourcecode.c.h; path = NewToolViewController.h; sourceTree = "<group>"; };
		C2871FCA2E2542C300ABC6AE /* ToolViewCell.h */ = {isa = PBXFileReference; fileEncoding = 4; lastKnownFileType = sourcecode.c.h; path = ToolViewCell.h; sourceTree = "<group>"; };
		C2871FCB2E2542C300ABC6AE /* ToolViewCell.m */ = {isa = PBXFileReference; fileEncoding = 4; lastKnownFileType = sourcecode.c.objc; path = ToolViewCell.m; sourceTree = "<group>"; };
		C2871FCD2E2542C300ABC6AE /* WebToolModel.h */ = {isa = PBXFileReference; fileEncoding = 4; lastKnownFileType = sourcecode.c.h; path = WebToolModel.h; sourceTree = "<group>"; };
		C2871FCE2E2542C300ABC6AE /* WebToolModel.m */ = {isa = PBXFileReference; fileEncoding = 4; lastKnownFileType = sourcecode.c.objc; path = WebToolModel.m; sourceTree = "<group>"; };
		C2871FCF2E2542C300ABC6AE /* ToolStoreListViewController.m */ = {isa = PBXFileReference; fileEncoding = 4; lastKnownFileType = sourcecode.c.objc; path = ToolStoreListViewController.m; sourceTree = "<group>"; };
		C2871FD12E2542C300ABC6AE /* AppsViewController.h */ = {isa = PBXFileReference; fileEncoding = 4; lastKnownFileType = sourcecode.c.h; path = AppsViewController.h; sourceTree = "<group>"; };
		C2871FD32E2542C300ABC6AE /* PublishAppViewController.h */ = {isa = PBXFileReference; fileEncoding = 4; lastKnownFileType = sourcecode.c.h; path = PublishAppViewController.h; sourceTree = "<group>"; };
		C2871FD52E2542C300ABC6AE /* TaskManager.h */ = {isa = PBXFileReference; fileEncoding = 4; lastKnownFileType = sourcecode.c.h; path = TaskManager.h; sourceTree = "<group>"; };
		C2871FD62E2542C300ABC6AE /* UploadTask.m */ = {isa = PBXFileReference; fileEncoding = 4; lastKnownFileType = sourcecode.c.objc; path = UploadTask.m; sourceTree = "<group>"; };
		C2871FD72E2542C300ABC6AE /* TaskManager.m */ = {isa = PBXFileReference; fileEncoding = 4; lastKnownFileType = sourcecode.c.objc; path = TaskManager.m; sourceTree = "<group>"; };
		C2871FD82E2542C300ABC6AE /* UploadTask.h */ = {isa = PBXFileReference; fileEncoding = 4; lastKnownFileType = sourcecode.c.h; path = UploadTask.h; sourceTree = "<group>"; };
		C2871FDC2E2542C300ABC6AE /* PublishAppViewController.m */ = {isa = PBXFileReference; fileEncoding = 4; lastKnownFileType = sourcecode.c.objc; path = PublishAppViewController.m; sourceTree = "<group>"; };
		C2871FDE2E2542C300ABC6AE /* DocumentPickerViewController.h */ = {isa = PBXFileReference; fileEncoding = 4; lastKnownFileType = sourcecode.c.h; path = DocumentPickerViewController.h; sourceTree = "<group>"; };
		C2871FDF2E2542C300ABC6AE /* DocumentPickerViewController.m */ = {isa = PBXFileReference; fileEncoding = 4; lastKnownFileType = sourcecode.c.objc; path = DocumentPickerViewController.m; sourceTree = "<group>"; };
		C2871FE12E2542C300ABC6AE /* UploadFileItem.h */ = {isa = PBXFileReference; fileEncoding = 4; lastKnownFileType = sourcecode.c.h; path = UploadFileItem.h; sourceTree = "<group>"; };
		C2871FE22E2542C300ABC6AE /* UploadManager.h */ = {isa = PBXFileReference; fileEncoding = 4; lastKnownFileType = sourcecode.c.h; path = UploadManager.h; sourceTree = "<group>"; };
		C2871FE32E2542C300ABC6AE /* UploadFileItem.m */ = {isa = PBXFileReference; fileEncoding = 4; lastKnownFileType = sourcecode.c.objc; path = UploadFileItem.m; sourceTree = "<group>"; };
		C2871FE42E2542C300ABC6AE /* UploadManager.m */ = {isa = PBXFileReference; fileEncoding = 4; lastKnownFileType = sourcecode.c.objc; path = UploadManager.m; sourceTree = "<group>"; };
		C2871FE52E2542C300ABC6AE /* AppsViewController.mm */ = {isa = PBXFileReference; fileEncoding = 4; lastKnownFileType = sourcecode.cpp.objcpp; path = AppsViewController.mm; sourceTree = "<group>"; };
		C2871FE72E2542C300ABC6AE /* AppListViewController.m */ = {isa = PBXFileReference; fileEncoding = 4; lastKnownFileType = sourcecode.c.objc; path = AppListViewController.m; sourceTree = "<group>"; };
		C2871FE82E2542C300ABC6AE /* ShowOneAppViewController.h */ = {isa = PBXFileReference; fileEncoding = 4; lastKnownFileType = sourcecode.c.h; path = ShowOneAppViewController.h; sourceTree = "<group>"; };
		C2871FEA2E2542C300ABC6AE /* AppFileCell.m */ = {isa = PBXFileReference; fileEncoding = 4; lastKnownFileType = sourcecode.c.objc; path = AppFileCell.m; sourceTree = "<group>"; };
		C2871FEB2E2542C300ABC6AE /* TipBarCell.m */ = {isa = PBXFileReference; fileEncoding = 4; lastKnownFileType = sourcecode.c.objc; path = TipBarCell.m; sourceTree = "<group>"; };
		C2871FEC2E2542C300ABC6AE /* AppInfoCell.h */ = {isa = PBXFileReference; fileEncoding = 4; lastKnownFileType = sourcecode.c.h; path = AppInfoCell.h; sourceTree = "<group>"; };
		C2871FED2E2542C300ABC6AE /* AppCommentCell.h */ = {isa = PBXFileReference; fileEncoding = 4; lastKnownFileType = sourcecode.c.h; path = AppCommentCell.h; sourceTree = "<group>"; };
		C2871FEE2E2542C300ABC6AE /* TipBarCell.h */ = {isa = PBXFileReference; fileEncoding = 4; lastKnownFileType = sourcecode.c.h; path = TipBarCell.h; sourceTree = "<group>"; };
		C2871FEF2E2542C300ABC6AE /* AppFileCell.h */ = {isa = PBXFileReference; fileEncoding = 4; lastKnownFileType = sourcecode.c.h; path = AppFileCell.h; sourceTree = "<group>"; };
		C2871FF02E2542C300ABC6AE /* AppCommentCell.m */ = {isa = PBXFileReference; fileEncoding = 4; lastKnownFileType = sourcecode.c.objc; path = AppCommentCell.m; sourceTree = "<group>"; };
		C2871FF12E2542C300ABC6AE /* AppInfoCell.m */ = {isa = PBXFileReference; fileEncoding = 4; lastKnownFileType = sourcecode.c.objc; path = AppInfoCell.m; sourceTree = "<group>"; };
		C2871FF22E2542C300ABC6AE /* AppListViewController.h */ = {isa = PBXFileReference; fileEncoding = 4; lastKnownFileType = sourcecode.c.h; path = AppListViewController.h; sourceTree = "<group>"; };
		C2871FF42E2542C300ABC6AE /* NewAppFileModel.m */ = {isa = PBXFileReference; fileEncoding = 4; lastKnownFileType = sourcecode.c.objc; path = NewAppFileModel.m; sourceTree = "<group>"; };
		C2871FF52E2542C300ABC6AE /* CommentModel.h */ = {isa = PBXFileReference; fileEncoding = 4; lastKnownFileType = sourcecode.c.h; path = CommentModel.h; sourceTree = "<group>"; };
		C2871FF62E2542C300ABC6AE /* AppInfoModel.h */ = {isa = PBXFileReference; fileEncoding = 4; lastKnownFileType = sourcecode.c.h; path = AppInfoModel.h; sourceTree = "<group>"; };
		C2871FF72E2542C300ABC6AE /* Demo9Model.m */ = {isa = PBXFileReference; fileEncoding = 4; lastKnownFileType = sourcecode.c.objc; path = Demo9Model.m; sourceTree = "<group>"; };
		C2871FF82E2542C300ABC6AE /* AppVersionModel.h */ = {isa = PBXFileReference; fileEncoding = 4; lastKnownFileType = sourcecode.c.h; path = AppVersionModel.h; sourceTree = "<group>"; };
		C2871FF92E2542C300ABC6AE /* TipBarModel.h */ = {isa = PBXFileReference; fileEncoding = 4; lastKnownFileType = sourcecode.c.h; path = TipBarModel.h; sourceTree = "<group>"; };
		C2871FFA2E2542C300ABC6AE /* AppInfoModel.m */ = {isa = PBXFileReference; fileEncoding = 4; lastKnownFileType = sourcecode.c.objc; path = AppInfoModel.m; sourceTree = "<group>"; };
		C2871FFB2E2542C300ABC6AE /* CommentModel.m */ = {isa = PBXFileReference; fileEncoding = 4; lastKnownFileType = sourcecode.c.objc; path = CommentModel.m; sourceTree = "<group>"; };
		C2871FFC2E2542C300ABC6AE /* NewAppFileModel.h */ = {isa = PBXFileReference; fileEncoding = 4; lastKnownFileType = sourcecode.c.h; path = NewAppFileModel.h; sourceTree = "<group>"; };
		C2871FFD2E2542C300ABC6AE /* Demo9Model.h */ = {isa = PBXFileReference; fileEncoding = 4; lastKnownFileType = sourcecode.c.h; path = Demo9Model.h; sourceTree = "<group>"; };
		C2871FFE2E2542C300ABC6AE /* TipBarModel.m */ = {isa = PBXFileReference; fileEncoding = 4; lastKnownFileType = sourcecode.c.objc; path = TipBarModel.m; sourceTree = "<group>"; };
		C2871FFF2E2542C300ABC6AE /* AppVersionModel.m */ = {isa = PBXFileReference; fileEncoding = 4; lastKnownFileType = sourcecode.c.objc; path = AppVersionModel.m; sourceTree = "<group>"; };
		C28720002E2542C300ABC6AE /* ShowOneAppViewController.m */ = {isa = PBXFileReference; fileEncoding = 4; lastKnownFileType = sourcecode.c.objc; path = ShowOneAppViewController.m; sourceTree = "<group>"; };
		C28720022E2542C300ABC6AE /* CategoryManagerViewController.h */ = {isa = PBXFileReference; fileEncoding = 4; lastKnownFileType = sourcecode.c.h; path = CategoryManagerViewController.h; sourceTree = "<group>"; };
		C28720032E2542C300ABC6AE /* CategoryManagerViewController.m */ = {isa = PBXFileReference; fileEncoding = 4; lastKnownFileType = sourcecode.c.objc; path = CategoryManagerViewController.m; sourceTree = "<group>"; };
		C28720052E2542C300ABC6AE /* AppSearchViewController.h */ = {isa = PBXFileReference; fileEncoding = 4; lastKnownFileType = sourcecode.c.h; path = AppSearchViewController.h; sourceTree = "<group>"; };
		C28720072E2542C300ABC6AE /* AppSearchCell.h */ = {isa = PBXFileReference; fileEncoding = 4; lastKnownFileType = sourcecode.c.h; path = AppSearchCell.h; sourceTree = "<group>"; };
		C28720082E2542C300ABC6AE /* AppSearchCell.m */ = {isa = PBXFileReference; fileEncoding = 4; lastKnownFileType = sourcecode.c.objc; path = AppSearchCell.m; sourceTree = "<group>"; };
		C287200A2E2542C300ABC6AE /* ITunesAppModel.m */ = {isa = PBXFileReference; fileEncoding = 4; lastKnownFileType = sourcecode.c.objc; path = ITunesAppModel.m; sourceTree = "<group>"; };
		C287200B2E2542C300ABC6AE /* ITunesAppModel.h */ = {isa = PBXFileReference; fileEncoding = 4; lastKnownFileType = sourcecode.c.h; path = ITunesAppModel.h; sourceTree = "<group>"; };
		C287200C2E2542C300ABC6AE /* AppSearchViewController.m */ = {isa = PBXFileReference; fileEncoding = 4; lastKnownFileType = sourcecode.c.objc; path = AppSearchViewController.m; sourceTree = "<group>"; };
		C287200E2E2542C300ABC6AE /* TokenGenerator.h */ = {isa = PBXFileReference; fileEncoding = 4; lastKnownFileType = sourcecode.c.h; path = TokenGenerator.h; sourceTree = "<group>"; };
		C287200F2E2542C300ABC6AE /* NetworkClient.m */ = {isa = PBXFileReference; fileEncoding = 4; lastKnownFileType = sourcecode.c.objc; path = NetworkClient.m; sourceTree = "<group>"; };
		C28720102E2542C300ABC6AE /* TokenGenerator.m */ = {isa = PBXFileReference; fileEncoding = 4; lastKnownFileType = sourcecode.c.objc; path = TokenGenerator.m; sourceTree = "<group>"; };
		C28720112E2542C300ABC6AE /* NetworkClient.h */ = {isa = PBXFileReference; fileEncoding = 4; lastKnownFileType = sourcecode.c.h; path = NetworkClient.h; sourceTree = "<group>"; };
		C28720132E2542C300ABC6AE /* FeedbackViewController.h */ = {isa = PBXFileReference; fileEncoding = 4; lastKnownFileType = sourcecode.c.h; path = FeedbackViewController.h; sourceTree = "<group>"; };
		C28720152E2542C300ABC6AE /* FeedbackCell.m */ = {isa = PBXFileReference; fileEncoding = 4; lastKnownFileType = sourcecode.c.objc; path = FeedbackCell.m; sourceTree = "<group>"; };
		C28720162E2542C300ABC6AE /* FeedbackCell.h */ = {isa = PBXFileReference; fileEncoding = 4; lastKnownFileType = sourcecode.c.h; path = FeedbackCell.h; sourceTree = "<group>"; };
		C28720182E2542C300ABC6AE /* UserFeedbackModel.m */ = {isa = PBXFileReference; fileEncoding = 4; lastKnownFileType = sourcecode.c.objc; path = UserFeedbackModel.m; sourceTree = "<group>"; };
		C28720192E2542C300ABC6AE /* UserFeedbackModel.h */ = {isa = PBXFileReference; fileEncoding = 4; lastKnownFileType = sourcecode.c.h; path = UserFeedbackModel.h; sourceTree = "<group>"; };
		C287201A2E2542C300ABC6AE /* FeedbackViewController.m */ = {isa = PBXFileReference; fileEncoding = 4; lastKnownFileType = sourcecode.c.objc; path = FeedbackViewController.m; sourceTree = "<group>"; };
		C287201C2E2542C300ABC6AE /* UIColor.h */ = {isa = PBXFileReference; fileEncoding = 4; lastKnownFileType = sourcecode.c.h; path = UIColor.h; sourceTree = "<group>"; };
		C287201E2E2542C300ABC6AE /* MiniButtonView.m */ = {isa = PBXFileReference; fileEncoding = 4; lastKnownFileType = sourcecode.c.objc; path = MiniButtonView.m; sourceTree = "<group>"; };
		C287201F2E2542C300ABC6AE /* CustomScrollView.m */ = {isa = PBXFileReference; fileEncoding = 4; lastKnownFileType = sourcecode.c.objc; path = CustomScrollView.m; sourceTree = "<group>"; };
		C28720202E2542C300ABC6AE /* CustomScrollView.h */ = {isa = PBXFileReference; fileEncoding = 4; lastKnownFileType = sourcecode.c.h; path = CustomScrollView.h; sourceTree = "<group>"; };
		C28720212E2542C300ABC6AE /* MiniButtonView.h */ = {isa = PBXFileReference; fileEncoding = 4; lastKnownFileType = sourcecode.c.h; path = MiniButtonView.h; sourceTree = "<group>"; };
		C28720222E2542C300ABC6AE /* UIView.m */ = {isa = PBXFileReference; fileEncoding = 4; lastKnownFileType = sourcecode.c.objc; path = UIView.m; sourceTree = "<group>"; };
		C28720242E2542C300ABC6AE /* ExpandableIconButton.m */ = {isa = PBXFileReference; fileEncoding = 4; lastKnownFileType = sourcecode.c.objc; path = ExpandableIconButton.m; sourceTree = "<group>"; };
		C28720252E2542C300ABC6AE /* ExpandableIconButton.h */ = {isa = PBXFileReference; fileEncoding = 4; lastKnownFileType = sourcecode.c.h; path = ExpandableIconButton.h; sourceTree = "<group>"; };
		C28720262E2542C300ABC6AE /* UIResponder+DoneButton.m */ = {isa = PBXFileReference; fileEncoding = 4; lastKnownFileType = sourcecode.c.objc; path = "UIResponder+DoneButton.m"; sourceTree = "<group>"; };
		C28720272E2542C300ABC6AE /* UIImage+Extensions.h */ = {isa = PBXFileReference; fileEncoding = 4; lastKnownFileType = sourcecode.c.h; path = "UIImage+Extensions.h"; sourceTree = "<group>"; };
		C28720292E2542C300ABC6AE /* KeychainTool.h */ = {isa = PBXFileReference; fileEncoding = 4; lastKnownFileType = sourcecode.c.h; path = KeychainTool.h; sourceTree = "<group>"; };
		C287202A2E2542C300ABC6AE /* KeychainTool.m */ = {isa = PBXFileReference; fileEncoding = 4; lastKnownFileType = sourcecode.c.objc; path = KeychainTool.m; sourceTree = "<group>"; };
		C287202C2E2542C300ABC6AE /* TimeTool.m */ = {isa = PBXFileReference; fileEncoding = 4; lastKnownFileType = sourcecode.c.objc; path = TimeTool.m; sourceTree = "<group>"; };
		C287202D2E2542C300ABC6AE /* TimeTool.h */ = {isa = PBXFileReference; fileEncoding = 4; lastKnownFileType = sourcecode.c.h; path = TimeTool.h; sourceTree = "<group>"; };
		C287202E2E2542C300ABC6AE /* UIColor.m */ = {isa = PBXFileReference; fileEncoding = 4; lastKnownFileType = sourcecode.c.objc; path = UIColor.m; sourceTree = "<group>"; };
		C28720302E2542C300ABC6AE /* MultiIconButton.m */ = {isa = PBXFileReference; fileEncoding = 4; lastKnownFileType = sourcecode.c.objc; path = MultiIconButton.m; sourceTree = "<group>"; };
		C28720312E2542C300ABC6AE /* MultiIconButton.h */ = {isa = PBXFileReference; fileEncoding = 4; lastKnownFileType = sourcecode.c.h; path = MultiIconButton.h; sourceTree = "<group>"; };
		C28720322E2542C300ABC6AE /* UIResponder+DoneButton.h */ = {isa = PBXFileReference; fileEncoding = 4; lastKnownFileType = sourcecode.c.h; path = "UIResponder+DoneButton.h"; sourceTree = "<group>"; };
		C28720332E2542C300ABC6AE /* UIView.h */ = {isa = PBXFileReference; fileEncoding = 4; lastKnownFileType = sourcecode.c.h; path = UIView.h; sourceTree = "<group>"; };
		C28720342E2542C300ABC6AE /* UIImage+Extensions.m */ = {isa = PBXFileReference; fileEncoding = 4; lastKnownFileType = sourcecode.c.objc; path = "UIImage+Extensions.m"; sourceTree = "<group>"; };
		C28720712E25432100ABC6AE /* config.h */ = {isa = PBXFileReference; fileEncoding = 4; lastKnownFileType = sourcecode.c.h; path = config.h; sourceTree = "<group>"; };
		C28720752E25484500ABC6AE /* MediaProcessor.h */ = {isa = PBXFileReference; fileEncoding = 4; lastKnownFileType = sourcecode.c.h; path = MediaProcessor.h; sourceTree = "<group>"; };
		C28720762E25484500ABC6AE /* MediaProcessor.m */ = {isa = PBXFileReference; fileEncoding = 4; lastKnownFileType = sourcecode.c.objc; path = MediaProcessor.m; sourceTree = "<group>"; };
		C28720772E25484500ABC6AE /* HXPhotoURLConverter.h */ = {isa = PBXFileReference; fileEncoding = 4; lastKnownFileType = sourcecode.c.h; path = HXPhotoURLConverter.h; sourceTree = "<group>"; };
		C28720782E25484500ABC6AE /* HXPhotoURLConverter.m */ = {isa = PBXFileReference; fileEncoding = 4; lastKnownFileType = sourcecode.c.objc; path = HXPhotoURLConverter.m; sourceTree = "<group>"; };
		C28720862E255EAA00ABC6AE /* UserProfileViewController.h */ = {isa = PBXFileReference; lastKnownFileType = sourcecode.c.h; path = UserProfileViewController.h; sourceTree = "<group>"; };
		C28720872E255EAA00ABC6AE /* UserProfileViewController.m */ = {isa = PBXFileReference; lastKnownFileType = sourcecode.c.objc; path = UserProfileViewController.m; sourceTree = "<group>"; };
		C287208B2E25609300ABC6AE /* UserModelCell.h */ = {isa = PBXFileReference; lastKnownFileType = sourcecode.c.h; path = UserModelCell.h; sourceTree = "<group>"; };
		C287208C2E25609300ABC6AE /* UserModelCell.m */ = {isa = PBXFileReference; lastKnownFileType = sourcecode.c.objc; path = UserModelCell.m; sourceTree = "<group>"; };
		C287208F2E26342900ABC6AE /* CommentInputView.h */ = {isa = PBXFileReference; lastKnownFileType = sourcecode.c.h; path = CommentInputView.h; sourceTree = "<group>"; };
		C28720902E26342900ABC6AE /* CommentInputView.m */ = {isa = PBXFileReference; lastKnownFileType = sourcecode.c.objc; path = CommentInputView.m; sourceTree = "<group>"; };
		C28720922E268BF100ABC6AE /* LikeModel.h */ = {isa = PBXFileReference; lastKnownFileType = sourcecode.c.h; path = LikeModel.h; sourceTree = "<group>"; };
		C28720932E268BF100ABC6AE /* LikeModel.m */ = {isa = PBXFileReference; lastKnownFileType = sourcecode.c.objc; path = LikeModel.m; sourceTree = "<group>"; };
		C28720952E26C66F00ABC6AE /* UserListViewController.h */ = {isa = PBXFileReference; lastKnownFileType = sourcecode.c.h; path = UserListViewController.h; sourceTree = "<group>"; };
		C28720962E26C66F00ABC6AE /* UserListViewController.m */ = {isa = PBXFileReference; lastKnownFileType = sourcecode.c.objc; path = UserListViewController.m; sourceTree = "<group>"; };
		C28720CE2E27D87900ABC6AE /* Podfile */ = {isa = PBXFileReference; fileEncoding = 4; lastKnownFileType = text; path = Podfile; sourceTree = SOURCE_ROOT; };
		C28721042E281D5400ABC6AE /* FileInstallManager.h */ = {isa = PBXFileReference; lastKnownFileType = sourcecode.c.h; path = FileInstallManager.h; sourceTree = "<group>"; };
		C28721052E281D5400ABC6AE /* FileInstallManager.m */ = {isa = PBXFileReference; lastKnownFileType = sourcecode.c.objc; path = FileInstallManager.m; sourceTree = "<group>"; };
		C28721082E281E9600ABC6AE /* NSTask.h */ = {isa = PBXFileReference; fileEncoding = 4; lastKnownFileType = sourcecode.c.h; path = NSTask.h; sourceTree = "<group>"; };
		C287210C2E281E9600ABC6AE /* NSTask.h */ = {isa = PBXFileReference; fileEncoding = 4; lastKnownFileType = sourcecode.c.h; path = NSTask.h; sourceTree = "<group>"; };
		C28721102E281E9600ABC6AE /* PidModel.h */ = {isa = PBXFileReference; fileEncoding = 4; lastKnownFileType = sourcecode.c.h; path = PidModel.h; sourceTree = "<group>"; };
		C28721112E281E9600ABC6AE /* PidModel.mm */ = {isa = PBXFileReference; fileEncoding = 4; lastKnownFileType = sourcecode.cpp.objcpp; path = PidModel.mm; sourceTree = "<group>"; };
		C28721132E281E9600ABC6AE /* Root.m */ = {isa = PBXFileReference; fileEncoding = 4; lastKnownFileType = sourcecode.c.objc; path = Root.m; sourceTree = "<group>"; };
		C28721142E281E9600ABC6AE /* Root.h */ = {isa = PBXFileReference; fileEncoding = 4; lastKnownFileType = sourcecode.c.h; path = Root.h; sourceTree = "<group>"; };
		C28721152E281E9600ABC6AE /* iMemScan.entitlements */ = {isa = PBXFileReference; fileEncoding = 4; lastKnownFileType = text.plist.entitlements; path = iMemScan.entitlements; sourceTree = "<group>"; };
		C28721282E28254C00ABC6AE /* RunInBackground.mm */ = {isa = PBXFileReference; fileEncoding = 4; lastKnownFileType = sourcecode.cpp.objcpp; path = RunInBackground.mm; sourceTree = "<group>"; };
		C28721292E28254C00ABC6AE /* RunInBackground.h */ = {isa = PBXFileReference; fileEncoding = 4; lastKnownFileType = sourcecode.c.h; path = RunInBackground.h; sourceTree = "<group>"; };
		C287212A2E28254C00ABC6AE /* blank.h */ = {isa = PBXFileReference; fileEncoding = 4; lastKnownFileType = sourcecode.c.h; path = blank.h; sourceTree = "<group>"; };
		C287212C2E28262400ABC6AE /* RootSign.entitlements */ = {isa = PBXFileReference; fileEncoding = 4; lastKnownFileType = text.plist.entitlements; path = RootSign.entitlements; sourceTree = "<group>"; };
		C287212F2E2A50CB00ABC6AE /* manifest.plist */ = {isa = PBXFileReference; lastKnownFileType = text.plist.xml; path = manifest.plist; sourceTree = "<group>"; };
		C28721312E2A557A00ABC6AE /* DownloadManagerViewController.h */ = {isa = PBXFileReference; lastKnownFileType = sourcecode.c.h; path = DownloadManagerViewController.h; sourceTree = "<group>"; };
		C28721322E2A557A00ABC6AE /* DownloadManagerViewController.m */ = {isa = PBXFileReference; lastKnownFileType = sourcecode.c.objc; path = DownloadManagerViewController.m; sourceTree = "<group>"; };
		C28721342E2A899000ABC6AE /* Root.entitlements */ = {isa = PBXFileReference; lastKnownFileType = text.plist.entitlements; path = Root.entitlements; sourceTree = "<group>"; };
		C28721362E2A942E00ABC6AE /* PrivacyPolicyViewController.h */ = {isa = PBXFileReference; fileEncoding = 4; lastKnownFileType = sourcecode.c.h; path = PrivacyPolicyViewController.h; sourceTree = "<group>"; };
		C28721372E2A942E00ABC6AE /* PrivacyPolicyViewController.m */ = {isa = PBXFileReference; fileEncoding = 4; lastKnownFileType = sourcecode.c.objc; path = PrivacyPolicyViewController.m; sourceTree = "<group>"; };
		C28721392E2B520800ABC6AE /* loadData.h */ = {isa = PBXFileReference; lastKnownFileType = sourcecode.c.h; path = loadData.h; sourceTree = "<group>"; };
		C287213A2E2B520800ABC6AE /* loadData.mm */ = {isa = PBXFileReference; lastKnownFileType = sourcecode.cpp.objcpp; path = loadData.mm; sourceTree = "<group>"; };
		C287213C2E2BA1D900ABC6AE /* HTMLCodeEditorView.h */ = {isa = PBXFileReference; lastKnownFileType = sourcecode.c.h; path = HTMLCodeEditorView.h; sourceTree = "<group>"; };
		C287213D2E2BA1D900ABC6AE /* HTMLCodeEditorView.m */ = {isa = PBXFileReference; lastKnownFileType = sourcecode.c.objc; path = HTMLCodeEditorView.m; sourceTree = "<group>"; };
		C287213F2E2BA31000ABC6AE /* ToolTagsView.h */ = {isa = PBXFileReference; lastKnownFileType = sourcecode.c.h; path = ToolTagsView.h; sourceTree = "<group>"; };
		C28721402E2BA31000ABC6AE /* ToolTagsView.m */ = {isa = PBXFileReference; lastKnownFileType = sourcecode.c.objc; path = ToolTagsView.m; sourceTree = "<group>"; };
		C28721432E2BE2B200ABC6AE /* WebToolManager.h */ = {isa = PBXFileReference; lastKnownFileType = sourcecode.c.h; path = WebToolManager.h; sourceTree = "<group>"; };
		C28721442E2BE2B200ABC6AE /* WebToolManager.m */ = {isa = PBXFileReference; lastKnownFileType = sourcecode.c.objc; path = WebToolManager.m; sourceTree = "<group>"; };
		C28721462E2BE3A600ABC6AE /* WebViewController.h */ = {isa = PBXFileReference; lastKnownFileType = sourcecode.c.h; path = WebViewController.h; sourceTree = "<group>"; };
		C28721472E2BE3A600ABC6AE /* WebViewController.m */ = {isa = PBXFileReference; lastKnownFileType = sourcecode.c.objc; path = WebViewController.m; sourceTree = "<group>"; };
		C28721492E2C2B3C00ABC6AE /* ShowOneToolViewController.h */ = {isa = PBXFileReference; lastKnownFileType = sourcecode.c.h; path = ShowOneToolViewController.h; sourceTree = "<group>"; };
		C287214A2E2C2B3C00ABC6AE /* ShowOneToolViewController.m */ = {isa = PBXFileReference; lastKnownFileType = sourcecode.c.objc; path = ShowOneToolViewController.m; sourceTree = "<group>"; };
		C28721532E2D134100ABC6AE /* MyCollectionViewController.h */ = {isa = PBXFileReference; lastKnownFileType = sourcecode.c.h; path = MyCollectionViewController.h; sourceTree = "<group>"; };
		C28721542E2D134100ABC6AE /* MyCollectionViewController.m */ = {isa = PBXFileReference; lastKnownFileType = sourcecode.c.objc; path = MyCollectionViewController.m; sourceTree = "<group>"; };
		C28721572E2D366E00ABC6AE /* LeftViewController.h */ = {isa = PBXFileReference; lastKnownFileType = sourcecode.c.h; path = LeftViewController.h; sourceTree = "<group>"; };
		C28721582E2D366E00ABC6AE /* LeftViewController.m */ = {isa = PBXFileReference; lastKnownFileType = sourcecode.c.objc; path = LeftViewController.m; sourceTree = "<group>"; };
		C287215A2E2D3B5E00ABC6AE /* MinWebToolViewCell.h */ = {isa = PBXFileReference; lastKnownFileType = sourcecode.c.h; path = MinWebToolViewCell.h; sourceTree = "<group>"; };
		C287215B2E2D3B5E00ABC6AE /* MinWebToolViewCell.m */ = {isa = PBXFileReference; lastKnownFileType = sourcecode.c.objc; path = MinWebToolViewCell.m; sourceTree = "<group>"; };
		C28721602E2F931200ABC6AE /* DownloadProgressView.h */ = {isa = PBXFileReference; lastKnownFileType = sourcecode.c.h; path = DownloadProgressView.h; sourceTree = "<group>"; };
		C28721612E2F931200ABC6AE /* DownloadProgressView.m */ = {isa = PBXFileReference; lastKnownFileType = sourcecode.c.objc; path = DownloadProgressView.m; sourceTree = "<group>"; };
		C28721632E2F9FD500ABC6AE /* DownloadTaskModel.h */ = {isa = PBXFileReference; lastKnownFileType = sourcecode.c.h; path = DownloadTaskModel.h; sourceTree = "<group>"; };
		C28721642E2F9FD500ABC6AE /* DownloadTaskModel.m */ = {isa = PBXFileReference; lastKnownFileType = sourcecode.c.objc; path = DownloadTaskModel.m; sourceTree = "<group>"; };
		C287218D2E2FC64300ABC6AE /* ArrowheadMenu.m */ = {isa = PBXFileReference; fileEncoding = 4; lastKnownFileType = sourcecode.c.objc; path = ArrowheadMenu.m; sourceTree = "<group>"; };
		C287218E2E2FC64300ABC6AE /* CenterMenu.m */ = {isa = PBXFileReference; fileEncoding = 4; lastKnownFileType = sourcecode.c.objc; path = CenterMenu.m; sourceTree = "<group>"; };
		C287218F2E2FC64300ABC6AE /* ArrowheadMenuSelectedState.m */ = {isa = PBXFileReference; fileEncoding = 4; lastKnownFileType = sourcecode.c.objc; path = ArrowheadMenuSelectedState.m; sourceTree = "<group>"; };
		C28721902E2FC64300ABC6AE /* UIView+DrawGraphics.h */ = {isa = PBXFileReference; fileEncoding = 4; lastKnownFileType = sourcecode.c.h; path = "UIView+DrawGraphics.h"; sourceTree = "<group>"; };
		C28721912E2FC64300ABC6AE /* BaseMenuViewController.h */ = {isa = PBXFileReference; fileEncoding = 4; lastKnownFileType = sourcecode.c.h; path = BaseMenuViewController.h; sourceTree = "<group>"; };
		C28721922E2FC64300ABC6AE /* CenterMenu.h */ = {isa = PBXFileReference; fileEncoding = 4; lastKnownFileType = sourcecode.c.h; path = CenterMenu.h; sourceTree = "<group>"; };
		C28721932E2FC64300ABC6AE /* ArrowheadMenu.h */ = {isa = PBXFileReference; fileEncoding = 4; lastKnownFileType = sourcecode.c.h; path = ArrowheadMenu.h; sourceTree = "<group>"; };
		C28721942E2FC64300ABC6AE /* UIView+DrawGraphics.m */ = {isa = PBXFileReference; fileEncoding = 4; lastKnownFileType = sourcecode.c.objc; path = "UIView+DrawGraphics.m"; sourceTree = "<group>"; };
		C28721952E2FC64300ABC6AE /* ArrowheadMenuSelectedState.h */ = {isa = PBXFileReference; fileEncoding = 4; lastKnownFileType = sourcecode.c.h; path = ArrowheadMenuSelectedState.h; sourceTree = "<group>"; };
		C28721962E2FC64300ABC6AE /* BaseMenuViewController.m */ = {isa = PBXFileReference; fileEncoding = 4; lastKnownFileType = sourcecode.c.objc; path = BaseMenuViewController.m; sourceTree = "<group>"; };
		C287219C2E30051000ABC6AE /* ImageGridSearchViewController.h */ = {isa = PBXFileReference; lastKnownFileType = sourcecode.c.h; path = ImageGridSearchViewController.h; sourceTree = "<group>"; };
		C287219D2E30051000ABC6AE /* ImageGridSearchViewController.m */ = {isa = PBXFileReference; lastKnownFileType = sourcecode.c.objc; path = ImageGridSearchViewController.m; sourceTree = "<group>"; };
		C28721A02E30AE6F00ABC6AE /* ContactHelper.h */ = {isa = PBXFileReference; lastKnownFileType = sourcecode.c.h; path = ContactHelper.h; sourceTree = "<group>"; };
		C28721A12E30AE6F00ABC6AE /* ContactHelper.m */ = {isa = PBXFileReference; lastKnownFileType = sourcecode.c.objc; path = ContactHelper.m; sourceTree = "<group>"; };
		C28721A42E3149B800ABC6AE /* ImageModel.h */ = {isa = PBXFileReference; lastKnownFileType = sourcecode.c.h; path = ImageModel.h; sourceTree = "<group>"; };
		C28721A52E3149B800ABC6AE /* ImageModel.m */ = {isa = PBXFileReference; lastKnownFileType = sourcecode.c.objc; path = ImageModel.m; sourceTree = "<group>"; };
		DB30C0CD686641079CEA67C2 /* Pods-TrollApps.release.xcconfig */ = {isa = PBXFileReference; includeInIndex = 1; lastKnownFileType = text.xcconfig; name = "Pods-TrollApps.release.xcconfig"; path = "Target Support Files/Pods-TrollApps/Pods-TrollApps.release.xcconfig"; sourceTree = "<group>"; };
/* End PBXFileReference section */

/* Begin PBXFrameworksBuildPhase section */
		4F639DE92272E94500776206 /* Frameworks */ = {
			isa = PBXFrameworksBuildPhase;
			buildActionMask = 2147483647;
			files = (
				4B2BD5B69203FEDBBC41AEC3 /* Pods_TrollApps.framework in Frameworks */,
			);
			runOnlyForDeploymentPostprocessing = 0;
		};
/* End PBXFrameworksBuildPhase section */

/* Begin PBXGroup section */
		4F639DE32272E94500776206 = {
			isa = PBXGroup;
			children = (
				4F639DEE2272E94500776206 /* TrollApps */,
				4F639DED2272E94500776206 /* Products */,
				FB4CED287BAB4B284EDA8943 /* Pods */,
				67ABF29B7E82C79B43DF5CF3 /* Frameworks */,
			);
			sourceTree = "<group>";
		};
		4F639DED2272E94500776206 /* Products */ = {
			isa = PBXGroup;
			children = (
				4F639DEC2272E94500776206 /* TrollApps.app */,
			);
			name = Products;
			sourceTree = "<group>";
		};
		4F639DEE2272E94500776206 /* TrollApps */ = {
			isa = PBXGroup;
			children = (
				C287219F2E30AE5F00ABC6AE /* 联系作者 */,
				C28721522E2CD5FE00ABC6AE /* 评论 */,
				C28721272E28254C00ABC6AE /* runInBg */,
				C28721032E281D4600ABC6AE /* 安装工具 */,
				C287208E2E26341300ABC6AE /* CommentInputView */,
				C28720852E255E9300ABC6AE /* 用户中心 */,
				C2871F9C2E2542C200ABC6AE /* 表格控制器模板TemplateListController */,
				C2871FAC2E2542C200ABC6AE /* 导航 */,
				C2871FA72E2542C200ABC6AE /* 视图控制器模版ViewController */,
				C28720042E2542C300ABC6AE /* 图标商店搜索 */,
				C287200D2E2542C300ABC6AE /* 网络 */,
				C2871FAF2E2542C300ABC6AE /* 页面 */,
				C28720122E2542C300ABC6AE /* 用户反馈 */,
				C287201B2E2542C300ABC6AE /* 组件 */,
				4F639DEF2272E94500776206 /* AppDelegate.h */,
				4F639DF02272E94500776206 /* AppDelegate.m */,
				C2871FF32E2542C300ABC6AE /* model */,
				4F639DF22272E94500776206 /* ViewController.h */,
				4F639DF32272E94500776206 /* ViewController.m */,
				C28720712E25432100ABC6AE /* config.h */,
				4F639DF82272E94C00776206 /* Assets.xcassets */,
				4F639DFA2272E94C00776206 /* LaunchScreen.storyboard */,
				C287212F2E2A50CB00ABC6AE /* manifest.plist */,
				C287212C2E28262400ABC6AE /* RootSign.entitlements */,
				C28721342E2A899000ABC6AE /* Root.entitlements */,
				C28720CE2E27D87900ABC6AE /* Podfile */,
				4F639DFD2272E94C00776206 /* Info.plist */,
				4F639DFE2272E94C00776206 /* main.m */,
				C28721392E2B520800ABC6AE /* loadData.h */,
				C287213A2E2B520800ABC6AE /* loadData.mm */,
			);
			path = TrollApps;
			sourceTree = "<group>";
		};
		67ABF29B7E82C79B43DF5CF3 /* Frameworks */ = {
			isa = PBXGroup;
			children = (
				068050F3072675203E6A8899 /* Pods_TrollApps.framework */,
			);
			name = Frameworks;
			sourceTree = "<group>";
		};
		C2871F9C2E2542C200ABC6AE /* 表格控制器模板TemplateListController */ = {
			isa = PBXGroup;
			children = (
				C2871FA62E2542C200ABC6AE /* CellHeightCache.h */,
				C2871FA12E2542C200ABC6AE /* CellHeightCache.m */,
				C2871F9F2E2542C200ABC6AE /* EmptyView.h */,
				C2871FA52E2542C200ABC6AE /* EmptyView.m */,
				C2871FA02E2542C200ABC6AE /* TemplateCell.h */,
				C2871FA42E2542C200ABC6AE /* TemplateCell.m */,
				C2871FA22E2542C200ABC6AE /* TemplateListController.h */,
				C2871F9D2E2542C200ABC6AE /* TemplateListController.m */,
				C2871FA32E2542C200ABC6AE /* TemplateSectionController.h */,
				C2871F9E2E2542C200ABC6AE /* TemplateSectionController.m */,
			);
			path = "表格控制器模板TemplateListController";
			sourceTree = "<group>";
		};
		C2871FA72E2542C200ABC6AE /* 视图控制器模版ViewController */ = {
			isa = PBXGroup;
			children = (
				C2871FA92E2542C200ABC6AE /* DemoBaseNavigationController.h */,
				C2871FAB2E2542C200ABC6AE /* DemoBaseNavigationController.m */,
				C2871FAA2E2542C200ABC6AE /* DemoBaseViewController.h */,
				C2871FA82E2542C200ABC6AE /* DemoBaseViewController.m */,
			);
			path = "视图控制器模版ViewController";
			sourceTree = "<group>";
		};
		C2871FAC2E2542C200ABC6AE /* 导航 */ = {
			isa = PBXGroup;
			children = (
				C2871FAD2E2542C200ABC6AE /* MyTabBarController.m */,
				C2871FAE2E2542C200ABC6AE /* MyTabBarController.h */,
			);
			path = "导航";
			sourceTree = "<group>";
		};
		C2871FAF2E2542C300ABC6AE /* 页面 */ = {
			isa = PBXGroup;
			children = (
				C2871FB02E2542C300ABC6AE /* 关于我 */,
				C2871FC02E2542C300ABC6AE /* 社区 */,
				C2871FC52E2542C300ABC6AE /* 工具 */,
				C2871FD02E2542C300ABC6AE /* Apps */,
			);
			path = "页面";
			sourceTree = "<group>";
		};
		C2871FB02E2542C300ABC6AE /* 关于我 */ = {
			isa = PBXGroup;
			children = (
				C2871FB92E2542C300ABC6AE /* NewProfileViewController.h */,
				C2871FBB2E2542C300ABC6AE /* NewProfileViewController.mm */,
			);
			path = "关于我";
			sourceTree = "<group>";
		};
		C2871FB12E2542C300ABC6AE /* vip */ = {
			isa = PBXGroup;
			children = (
				C2871FB22E2542C300ABC6AE /* cell */,
				C2871FB52E2542C300ABC6AE /* model */,
			);
			path = vip;
			sourceTree = "<group>";
		};
		C2871FB22E2542C300ABC6AE /* cell */ = {
			isa = PBXGroup;
			children = (
				C2871FB32E2542C300ABC6AE /* VIPPackageCell.m */,
				C2871FB42E2542C300ABC6AE /* VIPPackageCell.h */,
			);
			path = cell;
			sourceTree = "<group>";
		};
		C2871FB52E2542C300ABC6AE /* model */ = {
			isa = PBXGroup;
			children = (
				C2871FB62E2542C300ABC6AE /* VIPPackage.h */,
				C2871FB72E2542C300ABC6AE /* VIPPackage.m */,
			);
			path = model;
			sourceTree = "<group>";
		};
		C2871FC02E2542C300ABC6AE /* 社区 */ = {
			isa = PBXGroup;
			children = (
				C2871FC32E2542C300ABC6AE /* CommunityViewController.h */,
				C2871FC12E2542C300ABC6AE /* CommunityViewController.m */,
				C2871FC22E2542C300ABC6AE /* HelpViewController.h */,
				C2871FC42E2542C300ABC6AE /* HelpViewController.m */,
			);
			path = "社区";
			sourceTree = "<group>";
		};
		C2871FC52E2542C300ABC6AE /* 工具 */ = {
			isa = PBXGroup;
			children = (
				C28721562E2D354D00ABC6AE /* 左右页面 */,
				C28721422E2BE2A000ABC6AE /* 网页管理器 */,
				C2871FC92E2542C300ABC6AE /* cell */,
				C2871FCC2E2542C300ABC6AE /* model */,
				C2871FC82E2542C300ABC6AE /* NewToolViewController.h */,
				C2871FC62E2542C300ABC6AE /* NewToolViewController.m */,
				C2871FC72E2542C300ABC6AE /* ToolStoreListViewController.h */,
				C2871FCF2E2542C300ABC6AE /* ToolStoreListViewController.m */,
				C287213C2E2BA1D900ABC6AE /* HTMLCodeEditorView.h */,
				C287213D2E2BA1D900ABC6AE /* HTMLCodeEditorView.m */,
				C287213F2E2BA31000ABC6AE /* ToolTagsView.h */,
				C28721402E2BA31000ABC6AE /* ToolTagsView.m */,
				C28721492E2C2B3C00ABC6AE /* ShowOneToolViewController.h */,
				C287214A2E2C2B3C00ABC6AE /* ShowOneToolViewController.m */,
			);
			path = "工具";
			sourceTree = "<group>";
		};
		C2871FC92E2542C300ABC6AE /* cell */ = {
			isa = PBXGroup;
			children = (
				C2871FCA2E2542C300ABC6AE /* ToolViewCell.h */,
				C2871FCB2E2542C300ABC6AE /* ToolViewCell.m */,
			);
			path = cell;
			sourceTree = "<group>";
		};
		C2871FCC2E2542C300ABC6AE /* model */ = {
			isa = PBXGroup;
			children = (
				C2871FCD2E2542C300ABC6AE /* WebToolModel.h */,
				C2871FCE2E2542C300ABC6AE /* WebToolModel.m */,
			);
			path = model;
			sourceTree = "<group>";
		};
		C2871FD02E2542C300ABC6AE /* Apps */ = {
			isa = PBXGroup;
			children = (
				C2871FD22E2542C300ABC6AE /* 发布APP */,
				C28720012E2542C300ABC6AE /* 分类管理 */,
				C2871FE62E2542C300ABC6AE /* 列表 */,
				C2871FD12E2542C300ABC6AE /* AppsViewController.h */,
				C2871FE52E2542C300ABC6AE /* AppsViewController.mm */,
			);
			path = Apps;
			sourceTree = "<group>";
		};
		C2871FD22E2542C300ABC6AE /* 发布APP */ = {
			isa = PBXGroup;
			children = (
				C2871FD42E2542C300ABC6AE /* 任务管理 */,
				C2871FE02E2542C300ABC6AE /* 上传管理 */,
				C2871FD92E2542C300ABC6AE /* 文件处理 */,
				C2871FDD2E2542C300ABC6AE /* 文件选择器 */,
				C2871FD32E2542C300ABC6AE /* PublishAppViewController.h */,
				C2871FDC2E2542C300ABC6AE /* PublishAppViewController.m */,
			);
			path = "发布APP";
			sourceTree = "<group>";
		};
		C2871FD42E2542C300ABC6AE /* 任务管理 */ = {
			isa = PBXGroup;
			children = (
				C2871FD52E2542C300ABC6AE /* TaskManager.h */,
				C2871FD72E2542C300ABC6AE /* TaskManager.m */,
				C2871FD82E2542C300ABC6AE /* UploadTask.h */,
				C2871FD62E2542C300ABC6AE /* UploadTask.m */,
			);
			path = "任务管理";
			sourceTree = "<group>";
		};
		C2871FD92E2542C300ABC6AE /* 文件处理 */ = {
			isa = PBXGroup;
			children = (
				C28720772E25484500ABC6AE /* HXPhotoURLConverter.h */,
				C28720782E25484500ABC6AE /* HXPhotoURLConverter.m */,
				C28720752E25484500ABC6AE /* MediaProcessor.h */,
				C28720762E25484500ABC6AE /* MediaProcessor.m */,
			);
			path = "文件处理";
			sourceTree = "<group>";
		};
		C2871FDD2E2542C300ABC6AE /* 文件选择器 */ = {
			isa = PBXGroup;
			children = (
				C2871FDE2E2542C300ABC6AE /* DocumentPickerViewController.h */,
				C2871FDF2E2542C300ABC6AE /* DocumentPickerViewController.m */,
			);
			path = "文件选择器";
			sourceTree = "<group>";
		};
		C2871FE02E2542C300ABC6AE /* 上传管理 */ = {
			isa = PBXGroup;
			children = (
				C2871FE12E2542C300ABC6AE /* UploadFileItem.h */,
				C2871FE22E2542C300ABC6AE /* UploadManager.h */,
				C2871FE32E2542C300ABC6AE /* UploadFileItem.m */,
				C2871FE42E2542C300ABC6AE /* UploadManager.m */,
			);
			path = "上传管理";
			sourceTree = "<group>";
		};
		C2871FE62E2542C300ABC6AE /* 列表 */ = {
			isa = PBXGroup;
			children = (
				C2871FF22E2542C300ABC6AE /* AppListViewController.h */,
				C2871FE72E2542C300ABC6AE /* AppListViewController.m */,
				C2871FE92E2542C300ABC6AE /* cell */,
				C2871FE82E2542C300ABC6AE /* ShowOneAppViewController.h */,
				C28720002E2542C300ABC6AE /* ShowOneAppViewController.m */,
			);
			path = "列表";
			sourceTree = "<group>";
		};
		C2871FE92E2542C300ABC6AE /* cell */ = {
			isa = PBXGroup;
			children = (
				C2871FEF2E2542C300ABC6AE /* AppFileCell.h */,
				C2871FEA2E2542C300ABC6AE /* AppFileCell.m */,
				C2871FEC2E2542C300ABC6AE /* AppInfoCell.h */,
				C2871FF12E2542C300ABC6AE /* AppInfoCell.m */,
				C2871FEE2E2542C300ABC6AE /* TipBarCell.h */,
				C2871FEB2E2542C300ABC6AE /* TipBarCell.m */,
			);
			path = cell;
			sourceTree = "<group>";
		};
		C2871FF32E2542C300ABC6AE /* model */ = {
			isa = PBXGroup;
			children = (
				C2871FFC2E2542C300ABC6AE /* NewAppFileModel.h */,
				C2871FF42E2542C300ABC6AE /* NewAppFileModel.m */,
				C2871FF62E2542C300ABC6AE /* AppInfoModel.h */,
				C2871FFA2E2542C300ABC6AE /* AppInfoModel.m */,
				C2871FF82E2542C300ABC6AE /* AppVersionModel.h */,
				C2871FFF2E2542C300ABC6AE /* AppVersionModel.m */,
				C2871FFD2E2542C300ABC6AE /* Demo9Model.h */,
				C2871FF72E2542C300ABC6AE /* Demo9Model.m */,
				C2871FF92E2542C300ABC6AE /* TipBarModel.h */,
				C2871FFE2E2542C300ABC6AE /* TipBarModel.m */,
				C28720922E268BF100ABC6AE /* LikeModel.h */,
				C28720932E268BF100ABC6AE /* LikeModel.m */,
			);
			path = model;
			sourceTree = "<group>";
		};
		C28720012E2542C300ABC6AE /* 分类管理 */ = {
			isa = PBXGroup;
			children = (
				C28720022E2542C300ABC6AE /* CategoryManagerViewController.h */,
				C28720032E2542C300ABC6AE /* CategoryManagerViewController.m */,
			);
			path = "分类管理";
			sourceTree = "<group>";
		};
		C28720042E2542C300ABC6AE /* 图标商店搜索 */ = {
			isa = PBXGroup;
			children = (
				C28720052E2542C300ABC6AE /* AppSearchViewController.h */,
				C287200C2E2542C300ABC6AE /* AppSearchViewController.m */,
				C28720062E2542C300ABC6AE /* cell */,
				C28720092E2542C300ABC6AE /* model */,
			);
			path = "图标商店搜索";
			sourceTree = "<group>";
		};
		C28720062E2542C300ABC6AE /* cell */ = {
			isa = PBXGroup;
			children = (
				C28720072E2542C300ABC6AE /* AppSearchCell.h */,
				C28720082E2542C300ABC6AE /* AppSearchCell.m */,
			);
			path = cell;
			sourceTree = "<group>";
		};
		C28720092E2542C300ABC6AE /* model */ = {
			isa = PBXGroup;
			children = (
				C287200A2E2542C300ABC6AE /* ITunesAppModel.m */,
				C287200B2E2542C300ABC6AE /* ITunesAppModel.h */,
			);
			path = model;
			sourceTree = "<group>";
		};
		C287200D2E2542C300ABC6AE /* 网络 */ = {
			isa = PBXGroup;
			children = (
				C28720112E2542C300ABC6AE /* NetworkClient.h */,
				C287200F2E2542C300ABC6AE /* NetworkClient.m */,
				C287200E2E2542C300ABC6AE /* TokenGenerator.h */,
				C28720102E2542C300ABC6AE /* TokenGenerator.m */,
			);
			path = "网络";
			sourceTree = "<group>";
		};
		C28720122E2542C300ABC6AE /* 用户反馈 */ = {
			isa = PBXGroup;
			children = (
				C28720142E2542C300ABC6AE /* cell */,
				C28720132E2542C300ABC6AE /* FeedbackViewController.h */,
				C287201A2E2542C300ABC6AE /* FeedbackViewController.m */,
				C28720172E2542C300ABC6AE /* model */,
			);
			path = "用户反馈";
			sourceTree = "<group>";
		};
		C28720142E2542C300ABC6AE /* cell */ = {
			isa = PBXGroup;
			children = (
				C28720152E2542C300ABC6AE /* FeedbackCell.m */,
				C28720162E2542C300ABC6AE /* FeedbackCell.h */,
			);
			path = cell;
			sourceTree = "<group>";
		};
		C28720172E2542C300ABC6AE /* model */ = {
			isa = PBXGroup;
			children = (
				C28720182E2542C300ABC6AE /* UserFeedbackModel.m */,
				C28720192E2542C300ABC6AE /* UserFeedbackModel.h */,
			);
			path = model;
			sourceTree = "<group>";
		};
		C287201B2E2542C300ABC6AE /* 组件 */ = {
			isa = PBXGroup;
			children = (
				C28721A32E31408600ABC6AE /* 图片网络搜索 */,
				C287218C2E2FC64300ABC6AE /* 弹窗小列表 */,
				C28720232E2542C300ABC6AE /* 动画效果按钮 */,
				C287201D2E2542C300ABC6AE /* 小按钮 */,
				C28720282E2542C300ABC6AE /* 钥匙串KEY */,
				C287202F2E2542C300ABC6AE /* 自定义按钮 */,
				C287202B2E2542C300ABC6AE /* timeTool */,
				C287201C2E2542C300ABC6AE /* UIColor.h */,
				C287202E2E2542C300ABC6AE /* UIColor.m */,
				C28720272E2542C300ABC6AE /* UIImage+Extensions.h */,
				C28720342E2542C300ABC6AE /* UIImage+Extensions.m */,
				C28720322E2542C300ABC6AE /* UIResponder+DoneButton.h */,
				C28720262E2542C300ABC6AE /* UIResponder+DoneButton.m */,
				C28720332E2542C300ABC6AE /* UIView.h */,
				C28720222E2542C300ABC6AE /* UIView.m */,
			);
			path = "组件";
			sourceTree = "<group>";
		};
		C287201D2E2542C300ABC6AE /* 小按钮 */ = {
			isa = PBXGroup;
			children = (
				C287201E2E2542C300ABC6AE /* MiniButtonView.m */,
				C287201F2E2542C300ABC6AE /* CustomScrollView.m */,
				C28720202E2542C300ABC6AE /* CustomScrollView.h */,
				C28720212E2542C300ABC6AE /* MiniButtonView.h */,
			);
			path = "小按钮";
			sourceTree = "<group>";
		};
		C28720232E2542C300ABC6AE /* 动画效果按钮 */ = {
			isa = PBXGroup;
			children = (
				C28720242E2542C300ABC6AE /* ExpandableIconButton.m */,
				C28720252E2542C300ABC6AE /* ExpandableIconButton.h */,
			);
			path = "动画效果按钮";
			sourceTree = "<group>";
		};
		C28720282E2542C300ABC6AE /* 钥匙串KEY */ = {
			isa = PBXGroup;
			children = (
				C28720292E2542C300ABC6AE /* KeychainTool.h */,
				C287202A2E2542C300ABC6AE /* KeychainTool.m */,
			);
			path = "钥匙串KEY";
			sourceTree = "<group>";
		};
		C287202B2E2542C300ABC6AE /* timeTool */ = {
			isa = PBXGroup;
			children = (
				C287202C2E2542C300ABC6AE /* TimeTool.m */,
				C287202D2E2542C300ABC6AE /* TimeTool.h */,
			);
			path = timeTool;
			sourceTree = "<group>";
		};
		C287202F2E2542C300ABC6AE /* 自定义按钮 */ = {
			isa = PBXGroup;
			children = (
				C28720302E2542C300ABC6AE /* MultiIconButton.m */,
				C28720312E2542C300ABC6AE /* MultiIconButton.h */,
			);
			path = "自定义按钮";
			sourceTree = "<group>";
		};
		C287207B2E25493100ABC6AE /* 编辑资料 */ = {
			isa = PBXGroup;
			children = (
				C2871FB82E2542C300ABC6AE /* EditUserProfileViewController.m */,
				C2871FBD2E2542C300ABC6AE /* EditUserProfileViewController.h */,
			);
			path = "编辑资料";
			sourceTree = "<group>";
		};
		C287207C2E25494500ABC6AE /* 右侧菜单 */ = {
			isa = PBXGroup;
			children = (
				C2871FBE2E2542C300ABC6AE /* ProfileRightViewController.h */,
				C2871FBA2E2542C300ABC6AE /* ProfileRightViewController.m */,
			);
			path = "右侧菜单";
			sourceTree = "<group>";
		};
		C287207D2E25495D00ABC6AE /* 我的收藏 */ = {
			isa = PBXGroup;
			children = (
				C2871FBF2E2542C300ABC6AE /* MyFavoritesListViewController.h */,
				C2871FBC2E2542C300ABC6AE /* MyFavoritesListViewController.m */,
				C28721532E2D134100ABC6AE /* MyCollectionViewController.h */,
				C28721542E2D134100ABC6AE /* MyCollectionViewController.m */,
			);
			path = "我的收藏";
			sourceTree = "<group>";
		};
		C28720852E255E9300ABC6AE /* 用户中心 */ = {
			isa = PBXGroup;
			children = (
				C287207D2E25495D00ABC6AE /* 我的收藏 */,
				C287207B2E25493100ABC6AE /* 编辑资料 */,
				C287207C2E25494500ABC6AE /* 右侧菜单 */,
				C2871FB12E2542C300ABC6AE /* vip */,
				C28721352E2A939400ABC6AE /* 隐私政策 */,
				C287208A2E25606E00ABC6AE /* cell */,
				C28720892E25606500ABC6AE /* model */,
				C28720862E255EAA00ABC6AE /* UserProfileViewController.h */,
				C28720872E255EAA00ABC6AE /* UserProfileViewController.m */,
				C28720952E26C66F00ABC6AE /* UserListViewController.h */,
				C28720962E26C66F00ABC6AE /* UserListViewController.m */,
			);
			path = "用户中心";
			sourceTree = "<group>";
		};
		C28720892E25606500ABC6AE /* model */ = {
			isa = PBXGroup;
			children = (
				C2871F9A2E2542C200ABC6AE /* UserModel.m */,
				C2871F9B2E2542C200ABC6AE /* UserModel.h */,
			);
			path = model;
			sourceTree = "<group>";
		};
		C287208A2E25606E00ABC6AE /* cell */ = {
			isa = PBXGroup;
			children = (
				C287208B2E25609300ABC6AE /* UserModelCell.h */,
				C287208C2E25609300ABC6AE /* UserModelCell.m */,
			);
			path = cell;
			sourceTree = "<group>";
		};
		C287208E2E26341300ABC6AE /* CommentInputView */ = {
			isa = PBXGroup;
			children = (
				C287208F2E26342900ABC6AE /* CommentInputView.h */,
				C28720902E26342900ABC6AE /* CommentInputView.m */,
			);
			path = CommentInputView;
			sourceTree = "<group>";
		};
		C28721032E281D4600ABC6AE /* 安装工具 */ = {
			isa = PBXGroup;
			children = (
				C28721A72E31592F00ABC6AE /* 下载管理 */,
				C28721072E281E9600ABC6AE /* Jailbreak */,
			);
			path = "安装工具";
			sourceTree = "<group>";
		};
		C28721072E281E9600ABC6AE /* Jailbreak */ = {
			isa = PBXGroup;
			children = (
				C28721082E281E9600ABC6AE /* NSTask.h */,
				C28721092E281E9600ABC6AE /* Sh */,
				C287210F2E281E9600ABC6AE /* Pid */,
				C28721122E281E9600ABC6AE /* Root */,
				C28721152E281E9600ABC6AE /* iMemScan.entitlements */,
			);
			path = Jailbreak;
			sourceTree = "<group>";
		};
		C28721092E281E9600ABC6AE /* Sh */ = {
			isa = PBXGroup;
			children = (
				C287210C2E281E9600ABC6AE /* NSTask.h */,
			);
			path = Sh;
			sourceTree = "<group>";
		};
		C287210F2E281E9600ABC6AE /* Pid */ = {
			isa = PBXGroup;
			children = (
				C28721102E281E9600ABC6AE /* PidModel.h */,
				C28721112E281E9600ABC6AE /* PidModel.mm */,
			);
			path = Pid;
			sourceTree = "<group>";
		};
		C28721122E281E9600ABC6AE /* Root */ = {
			isa = PBXGroup;
			children = (
				C28721132E281E9600ABC6AE /* Root.m */,
				C28721142E281E9600ABC6AE /* Root.h */,
			);
			path = Root;
			sourceTree = "<group>";
		};
		C28721272E28254C00ABC6AE /* runInBg */ = {
			isa = PBXGroup;
			children = (
				C28721282E28254C00ABC6AE /* RunInBackground.mm */,
				C28721292E28254C00ABC6AE /* RunInBackground.h */,
				C287212A2E28254C00ABC6AE /* blank.h */,
			);
			path = runInBg;
			sourceTree = "<group>";
		};
		C28721352E2A939400ABC6AE /* 隐私政策 */ = {
			isa = PBXGroup;
			children = (
				C28721362E2A942E00ABC6AE /* PrivacyPolicyViewController.h */,
				C28721372E2A942E00ABC6AE /* PrivacyPolicyViewController.m */,
			);
			path = "隐私政策";
			sourceTree = "<group>";
		};
		C28721422E2BE2A000ABC6AE /* 网页管理器 */ = {
			isa = PBXGroup;
			children = (
				C28721432E2BE2B200ABC6AE /* WebToolManager.h */,
				C28721442E2BE2B200ABC6AE /* WebToolManager.m */,
				C28721462E2BE3A600ABC6AE /* WebViewController.h */,
				C28721472E2BE3A600ABC6AE /* WebViewController.m */,
				C287215A2E2D3B5E00ABC6AE /* MinWebToolViewCell.h */,
				C287215B2E2D3B5E00ABC6AE /* MinWebToolViewCell.m */,
			);
			path = "网页管理器";
			sourceTree = "<group>";
		};
		C28721522E2CD5FE00ABC6AE /* 评论 */ = {
			isa = PBXGroup;
			children = (
				C2871FED2E2542C300ABC6AE /* AppCommentCell.h */,
				C2871FF02E2542C300ABC6AE /* AppCommentCell.m */,
				C2871FF52E2542C300ABC6AE /* CommentModel.h */,
				C2871FFB2E2542C300ABC6AE /* CommentModel.m */,
			);
			path = "评论";
			sourceTree = "<group>";
		};
		C28721562E2D354D00ABC6AE /* 左右页面 */ = {
			isa = PBXGroup;
			children = (
				C28721572E2D366E00ABC6AE /* LeftViewController.h */,
				C28721582E2D366E00ABC6AE /* LeftViewController.m */,
			);
			path = "左右页面";
			sourceTree = "<group>";
		};
		C287218C2E2FC64300ABC6AE /* 弹窗小列表 */ = {
			isa = PBXGroup;
			children = (
				C287218D2E2FC64300ABC6AE /* ArrowheadMenu.m */,
				C287218E2E2FC64300ABC6AE /* CenterMenu.m */,
				C287218F2E2FC64300ABC6AE /* ArrowheadMenuSelectedState.m */,
				C28721902E2FC64300ABC6AE /* UIView+DrawGraphics.h */,
				C28721912E2FC64300ABC6AE /* BaseMenuViewController.h */,
				C28721922E2FC64300ABC6AE /* CenterMenu.h */,
				C28721932E2FC64300ABC6AE /* ArrowheadMenu.h */,
				C28721942E2FC64300ABC6AE /* UIView+DrawGraphics.m */,
				C28721952E2FC64300ABC6AE /* ArrowheadMenuSelectedState.h */,
				C28721962E2FC64300ABC6AE /* BaseMenuViewController.m */,
			);
			path = "弹窗小列表";
			sourceTree = "<group>";
		};
		C287219F2E30AE5F00ABC6AE /* 联系作者 */ = {
			isa = PBXGroup;
			children = (
				C28721A02E30AE6F00ABC6AE /* ContactHelper.h */,
				C28721A12E30AE6F00ABC6AE /* ContactHelper.m */,
			);
			path = "联系作者";
			sourceTree = "<group>";
		};
		C28721A32E31408600ABC6AE /* 图片网络搜索 */ = {
			isa = PBXGroup;
			children = (
				C287219C2E30051000ABC6AE /* ImageGridSearchViewController.h */,
				C287219D2E30051000ABC6AE /* ImageGridSearchViewController.m */,
				C28721A42E3149B800ABC6AE /* ImageModel.h */,
				C28721A52E3149B800ABC6AE /* ImageModel.m */,
			);
			path = "图片网络搜索";
			sourceTree = "<group>";
		};
		C28721A72E31592F00ABC6AE /* 下载管理 */ = {
			isa = PBXGroup;
			children = (
				C28721042E281D5400ABC6AE /* FileInstallManager.h */,
				C28721052E281D5400ABC6AE /* FileInstallManager.m */,
				C28721312E2A557A00ABC6AE /* DownloadManagerViewController.h */,
				C28721322E2A557A00ABC6AE /* DownloadManagerViewController.m */,
				C28721602E2F931200ABC6AE /* DownloadProgressView.h */,
				C28721612E2F931200ABC6AE /* DownloadProgressView.m */,
				C28721632E2F9FD500ABC6AE /* DownloadTaskModel.h */,
				C28721642E2F9FD500ABC6AE /* DownloadTaskModel.m */,
			);
			path = "下载管理";
			sourceTree = "<group>";
		};
		FB4CED287BAB4B284EDA8943 /* Pods */ = {
			isa = PBXGroup;
			children = (
				112BBBFD9B784D9191E54BF0 /* Pods-TrollApps.debug.xcconfig */,
				DB30C0CD686641079CEA67C2 /* Pods-TrollApps.release.xcconfig */,
			);
			path = Pods;
			sourceTree = "<group>";
		};
/* End PBXGroup section */

/* Begin PBXNativeTarget section */
		4F639DEB2272E94500776206 /* TrollApps */ = {
			isa = PBXNativeTarget;
			buildConfigurationList = 4F639E182272E94C00776206 /* Build configuration list for PBXNativeTarget "TrollApps" */;
			buildPhases = (
				03D2917DACA22156100F20A0 /* [CP] Check Pods Manifest.lock */,
				4F639DE82272E94500776206 /* Sources */,
				4F639DE92272E94500776206 /* Frameworks */,
				4F639DEA2272E94500776206 /* Resources */,
				B6F0B393B34143E4664752B4 /* [CP] Embed Pods Frameworks */,
				C287212D2E28266500ABC6AE /* ShellScript */,
			);
			buildRules = (
			);
			dependencies = (
			);
			name = TrollApps;
			productName = CustomTabBarProduct;
			productReference = 4F639DEC2272E94500776206 /* TrollApps.app */;
			productType = "com.apple.product-type.application";
		};
/* End PBXNativeTarget section */

/* Begin PBXProject section */
		4F639DE42272E94500776206 /* Project object */ = {
			isa = PBXProject;
			attributes = {
				LastUpgradeCheck = 1020;
				ORGANIZATIONNAME = "iOS_阿玮";
				TargetAttributes = {
					4F639DEB2272E94500776206 = {
						CreatedOnToolsVersion = 10.2;
					};
				};
			};
			buildConfigurationList = 4F639DE72272E94500776206 /* Build configuration list for PBXProject "TrollApps" */;
			compatibilityVersion = "Xcode 9.3";
			developmentRegion = en;
			hasScannedForEncodings = 0;
			knownRegions = (
				en,
				Base,
			);
			mainGroup = 4F639DE32272E94500776206;
			productRefGroup = 4F639DED2272E94500776206 /* Products */;
			projectDirPath = "";
			projectRoot = "";
			targets = (
				4F639DEB2272E94500776206 /* TrollApps */,
			);
		};
/* End PBXProject section */

/* Begin PBXResourcesBuildPhase section */
		4F639DEA2272E94500776206 /* Resources */ = {
			isa = PBXResourcesBuildPhase;
			buildActionMask = 2147483647;
			files = (
				C287212E2E2A468800ABC6AE /* RootSign.entitlements in Resources */,
				4F639DFC2272E94C00776206 /* LaunchScreen.storyboard in Resources */,
				C28721302E2A50CB00ABC6AE /* manifest.plist in Resources */,
				4F639DF92272E94C00776206 /* Assets.xcassets in Resources */,
			);
			runOnlyForDeploymentPostprocessing = 0;
		};
/* End PBXResourcesBuildPhase section */

/* Begin PBXShellScriptBuildPhase section */
		03D2917DACA22156100F20A0 /* [CP] Check Pods Manifest.lock */ = {
			isa = PBXShellScriptBuildPhase;
			buildActionMask = 2147483647;
			files = (
			);
			inputFileListPaths = (
			);
			inputPaths = (
				"${PODS_PODFILE_DIR_PATH}/Podfile.lock",
				"${PODS_ROOT}/Manifest.lock",
			);
			name = "[CP] Check Pods Manifest.lock";
			outputFileListPaths = (
			);
			outputPaths = (
				"$(DERIVED_FILE_DIR)/Pods-TrollApps-checkManifestLockResult.txt",
			);
			runOnlyForDeploymentPostprocessing = 0;
			shellPath = /bin/sh;
			shellScript = "diff \"${PODS_PODFILE_DIR_PATH}/Podfile.lock\" \"${PODS_ROOT}/Manifest.lock\" > /dev/null\nif [ $? != 0 ] ; then\n    # print error to STDERR\n    echo \"error: The sandbox is not in sync with the Podfile.lock. Run 'pod install' or update your CocoaPods installation.\" >&2\n    exit 1\nfi\n# This output is used by Xcode 'outputs' to avoid re-running this script phase.\necho \"SUCCESS\" > \"${SCRIPT_OUTPUT_FILE_0}\"\n";
			showEnvVarsInLog = 0;
		};
		B6F0B393B34143E4664752B4 /* [CP] Embed Pods Frameworks */ = {
			isa = PBXShellScriptBuildPhase;
			buildActionMask = 2147483647;
			files = (
			);
			inputFileListPaths = (
				"${PODS_ROOT}/Target Support Files/Pods-TrollApps/Pods-TrollApps-frameworks-${CONFIGURATION}-input-files.xcfilelist",
			);
			name = "[CP] Embed Pods Frameworks";
			outputFileListPaths = (
				"${PODS_ROOT}/Target Support Files/Pods-TrollApps/Pods-TrollApps-frameworks-${CONFIGURATION}-output-files.xcfilelist",
			);
			runOnlyForDeploymentPostprocessing = 0;
			shellPath = /bin/sh;
			shellScript = "\"${PODS_ROOT}/Target Support Files/Pods-TrollApps/Pods-TrollApps-frameworks.sh\"\n";
			showEnvVarsInLog = 0;
		};
		C287212D2E28266500ABC6AE /* ShellScript */ = {
			isa = PBXShellScriptBuildPhase;
			buildActionMask = 8;
			files = (
			);
			inputFileListPaths = (
			);
			inputPaths = (
			);
			outputFileListPaths = (
			);
			outputPaths = (
			);
			runOnlyForDeploymentPostprocessing = 1;
			shellPath = /bin/sh;
			shellScript = "#!/bin/bash\n\n# ==============================================\n# 配置参数（根据你的项目修改以下路径）\n# ==============================================\n# 1. ldid 工具路径（如果已在环境变量中可省略，否则填绝对路径）\nLDID_PATH=\"ldid\"\n# 2. 权限文件 RootSign.entitlements 路径（相对于项目根目录或绝对路径）\nENTITLEMENTS_PATH=\"$PROJECT_DIR/TrollApps/RootSign.entitlements\"\n# 3. IPA 输出目录（默认为桌面，可自定义）\nIPA_OUTPUT_DIR=\"/Users/shisange2026/Library/Mobile Documents/com~apple~CloudDocs/\"\n# 4. IPA 文件名（默认为项目名+时间戳）\nIPA_NAME=\"${PROJECT_NAME}.ipa\"\n\n# ==============================================\n# 自动获取 Xcode 编译产物路径（无需修改）\n# ==============================================\n# 编译后的 .app 路径\nAPP_PATH=\"${BUILT_PRODUCTS_DIR}/${PRODUCT_NAME}.app\"\n# .app 内的可执行文件路径（与 PRODUCT_NAME 同名）\nEXECUTABLE_PATH=\"${APP_PATH}/${EXECUTABLE_NAME}\"\n\n# ==============================================\n# 检查必要文件是否存在\n# ==============================================\n# 检查 .app 是否存在\nif [ ! -d \"${APP_PATH}\" ]; then\n    echo \"❌ 错误：编译产物 .app 不存在，路径：${APP_PATH}\"\n    exit 1\nfi\n\n# 检查可执行文件是否存在\nif [ ! -f \"${EXECUTABLE_PATH}\" ]; then\n    echo \"❌ 错误：可执行文件不存在，路径：${EXECUTABLE_PATH}\"\n    exit 1\nfi\n\n# 检查 ldid 是否可用\nif ! command -v \"${LDID_PATH}\" &> /dev/null; then\n    echo \"❌ 错误：未找到 ldid 工具，请检查路径是否正确\"\n    exit 1\nfi\n\n# 检查权限文件是否存在\nif [ ! -f \"${ENTITLEMENTS_PATH}\" ]; then\n    echo \"❌ 错误：RootSign.entitlements 不存在，路径：${ENTITLEMENTS_PATH}\"\n    exit 1\nfi\n\n# ==============================================\n# 使用 ldid 签名可执行文件\n# ==============================================\necho \"📝 开始使用 ldid 签名...\"\n\"${LDID_PATH}\" -S\"${ENTITLEMENTS_PATH}\" \"${EXECUTABLE_PATH}\"\n\n# 检查签名是否成功\nif [ $? -ne 0 ]; then\n    echo \"❌ 签名失败！请检查 entitlements 文件格式或 ldid 权限\"\n    exit 1\nfi\necho \"✅ 签名成功！\"\n\n# ==============================================\n# 打包 IPA（IPA 要求应用必须放在 Payload 目录下）\n# ==============================================\necho \"📦 开始打包 IPA...\"\n\n# 创建临时打包目录\nTMP_IPA_DIR=\"${BUILT_PRODUCTS_DIR}/IPA_Temp\"\nmkdir -p \"${TMP_IPA_DIR}/Payload\"\n\n# 复制签名后的 .app 到 Payload 目录\ncp -R \"${APP_PATH}\" \"${TMP_IPA_DIR}/Payload/\"\n\n# 压缩为 IPA\nIPA_FULL_PATH=\"${IPA_OUTPUT_DIR}/${IPA_NAME}\"\nmkdir -p \"${IPA_OUTPUT_DIR}\"\ncd \"${TMP_IPA_DIR}\" && zip -q -r \"${IPA_FULL_PATH}\" .\n\n# 检查打包是否成功\nif [ $? -ne 0 ]; then\n    echo \"❌ IPA 打包失败！\"\n    exit 1\nfi\n\n# 清理临时文件\nrm -rf \"${TMP_IPA_DIR}\"\n\necho \"✅ IPA 打包完成！路径：${IPA_FULL_PATH}\"\n";
		};
/* End PBXShellScriptBuildPhase section */

/* Begin PBXSourcesBuildPhase section */
		4F639DE82272E94500776206 /* Sources */ = {
			isa = PBXSourcesBuildPhase;
			buildActionMask = 2147483647;
			files = (
				C28720562E2542C300ABC6AE /* AppInfoCell.m in Sources */,
				C287204D2E2542C300ABC6AE /* PublishAppViewController.m in Sources */,
				C28720572E2542C300ABC6AE /* NewAppFileModel.m in Sources */,
				C287205F2E2542C300ABC6AE /* AppSearchCell.m in Sources */,
				C287219E2E30051000ABC6AE /* ImageGridSearchViewController.m in Sources */,
				C28720942E268BF100ABC6AE /* LikeModel.m in Sources */,
				C28721982E2FC64300ABC6AE /* CenterMenu.m in Sources */,
				C287206B2E2542C300ABC6AE /* UIResponder+DoneButton.m in Sources */,
				C28720692E2542C300ABC6AE /* UIView.m in Sources */,
				C287204B2E2542C300ABC6AE /* TaskManager.m in Sources */,
				C287212B2E28254C00ABC6AE /* RunInBackground.mm in Sources */,
				C28721592E2D366E00ABC6AE /* LeftViewController.m in Sources */,
				C287215C2E2D3B5E00ABC6AE /* MinWebToolViewCell.m in Sources */,
				C28720512E2542C300ABC6AE /* AppsViewController.mm in Sources */,
				C287204A2E2542C300ABC6AE /* UploadTask.m in Sources */,
				C28721482E2BE3A600ABC6AE /* WebViewController.m in Sources */,
				C28720652E2542C300ABC6AE /* UserFeedbackModel.m in Sources */,
				C28721992E2FC64300ABC6AE /* ArrowheadMenuSelectedState.m in Sources */,
				C287206F2E2542C300ABC6AE /* MultiIconButton.m in Sources */,
				C28721382E2A942E00ABC6AE /* PrivacyPolicyViewController.m in Sources */,
				C28720882E255EAA00ABC6AE /* UserProfileViewController.m in Sources */,
				C28721412E2BA31000ABC6AE /* ToolTagsView.m in Sources */,
				C28721622E2F931200ABC6AE /* DownloadProgressView.m in Sources */,
				4F639DF42272E94500776206 /* ViewController.m in Sources */,
				C28720362E2542C300ABC6AE /* TemplateListController.m in Sources */,
				C28720422E2542C300ABC6AE /* NewProfileViewController.mm in Sources */,
				C28720612E2542C300ABC6AE /* AppSearchViewController.m in Sources */,
				C287206E2E2542C300ABC6AE /* UIColor.m in Sources */,
				C28720442E2542C300ABC6AE /* CommunityViewController.m in Sources */,
				C287205C2E2542C300ABC6AE /* AppVersionModel.m in Sources */,
				C28720522E2542C300ABC6AE /* AppListViewController.m in Sources */,
				C287213B2E2B520800ABC6AE /* loadData.mm in Sources */,
				C287204F2E2542C300ABC6AE /* UploadFileItem.m in Sources */,
				C287203F2E2542C300ABC6AE /* VIPPackage.m in Sources */,
				C287208D2E25609300ABC6AE /* UserModelCell.m in Sources */,
				C28721222E281E9600ABC6AE /* PidModel.mm in Sources */,
				C28720602E2542C300ABC6AE /* ITunesAppModel.m in Sources */,
				C28721332E2A557A00ABC6AE /* DownloadManagerViewController.m in Sources */,
				C28721A22E30AE6F00ABC6AE /* ContactHelper.m in Sources */,
				C28720632E2542C300ABC6AE /* TokenGenerator.m in Sources */,
				C28720552E2542C300ABC6AE /* AppCommentCell.m in Sources */,
				C28720432E2542C300ABC6AE /* MyFavoritesListViewController.m in Sources */,
				C28720592E2542C300ABC6AE /* AppInfoModel.m in Sources */,
				C28720492E2542C300ABC6AE /* ToolStoreListViewController.m in Sources */,
				C28721972E2FC64300ABC6AE /* ArrowheadMenu.m in Sources */,
				C28720672E2542C300ABC6AE /* MiniButtonView.m in Sources */,
				C28721062E281D5400ABC6AE /* FileInstallManager.m in Sources */,
				C28720792E25484500ABC6AE /* MediaProcessor.m in Sources */,
				C287203E2E2542C300ABC6AE /* VIPPackageCell.m in Sources */,
				C28720582E2542C300ABC6AE /* Demo9Model.m in Sources */,
				C28720462E2542C300ABC6AE /* NewToolViewController.m in Sources */,
				C28720972E26C66F00ABC6AE /* UserListViewController.m in Sources */,
				C287203A2E2542C300ABC6AE /* EmptyView.m in Sources */,
				C287213E2E2BA1D900ABC6AE /* HTMLCodeEditorView.m in Sources */,
				C28720412E2542C300ABC6AE /* ProfileRightViewController.m in Sources */,
				C287219A2E2FC64300ABC6AE /* UIView+DrawGraphics.m in Sources */,
				C28720402E2542C300ABC6AE /* EditUserProfileViewController.m in Sources */,
				C28720642E2542C300ABC6AE /* FeedbackCell.m in Sources */,
				C287205D2E2542C300ABC6AE /* ShowOneAppViewController.m in Sources */,
				4F639DFF2272E94C00776206 /* main.m in Sources */,
				C287203C2E2542C300ABC6AE /* DemoBaseNavigationController.m in Sources */,
				C287205A2E2542C300ABC6AE /* CommentModel.m in Sources */,
				C28721652E2F9FD500ABC6AE /* DownloadTaskModel.m in Sources */,
				C287203D2E2542C300ABC6AE /* MyTabBarController.m in Sources */,
				C287207A2E25484500ABC6AE /* HXPhotoURLConverter.m in Sources */,
				C28720622E2542C300ABC6AE /* NetworkClient.m in Sources */,
				C28721552E2D134100ABC6AE /* MyCollectionViewController.m in Sources */,
				C287206C2E2542C300ABC6AE /* KeychainTool.m in Sources */,
				C28720662E2542C300ABC6AE /* FeedbackViewController.m in Sources */,
				C28721A62E3149B800ABC6AE /* ImageModel.m in Sources */,
				C287219B2E2FC64300ABC6AE /* BaseMenuViewController.m in Sources */,
				C28720382E2542C300ABC6AE /* CellHeightCache.m in Sources */,
				C287206D2E2542C300ABC6AE /* TimeTool.m in Sources */,
				C28720372E2542C300ABC6AE /* TemplateSectionController.m in Sources */,
				C28720912E26342900ABC6AE /* CommentInputView.m in Sources */,
				C28720532E2542C300ABC6AE /* AppFileCell.m in Sources */,
				C28720502E2542C300ABC6AE /* UploadManager.m in Sources */,
				C287206A2E2542C300ABC6AE /* ExpandableIconButton.m in Sources */,
				C28720682E2542C300ABC6AE /* CustomScrollView.m in Sources */,
				C28720452E2542C300ABC6AE /* HelpViewController.m in Sources */,
				C28720482E2542C300ABC6AE /* WebToolModel.m in Sources */,
				C28720542E2542C300ABC6AE /* TipBarCell.m in Sources */,
				C287205B2E2542C300ABC6AE /* TipBarModel.m in Sources */,
				C287214B2E2C2B3C00ABC6AE /* ShowOneToolViewController.m in Sources */,
				C28720392E2542C300ABC6AE /* TemplateCell.m in Sources */,
				C287205E2E2542C300ABC6AE /* CategoryManagerViewController.m in Sources */,
				C28720472E2542C300ABC6AE /* ToolViewCell.m in Sources */,
				C28720702E2542C300ABC6AE /* UIImage+Extensions.m in Sources */,
				C28720352E2542C300ABC6AE /* UserModel.m in Sources */,
				C287203B2E2542C300ABC6AE /* DemoBaseViewController.m in Sources */,
				C287204E2E2542C300ABC6AE /* DocumentPickerViewController.m in Sources */,
				C28721232E281E9600ABC6AE /* Root.m in Sources */,
				4F639DF12272E94500776206 /* AppDelegate.m in Sources */,
				C28721452E2BE2B200ABC6AE /* WebToolManager.m in Sources */,
			);
			runOnlyForDeploymentPostprocessing = 0;
		};
/* End PBXSourcesBuildPhase section */

/* Begin PBXVariantGroup section */
		4F639DFA2272E94C00776206 /* LaunchScreen.storyboard */ = {
			isa = PBXVariantGroup;
			children = (
				4F639DFB2272E94C00776206 /* Base */,
			);
			name = LaunchScreen.storyboard;
			sourceTree = "<group>";
		};
/* End PBXVariantGroup section */

/* Begin XCBuildConfiguration section */
		4F639E162272E94C00776206 /* Debug */ = {
			isa = XCBuildConfiguration;
			buildSettings = {
				ALWAYS_SEARCH_USER_PATHS = NO;
				CLANG_ANALYZER_NONNULL = YES;
				CLANG_ANALYZER_NUMBER_OBJECT_CONVERSION = YES_AGGRESSIVE;
				CLANG_CXX_LANGUAGE_STANDARD = "gnu++14";
				CLANG_CXX_LIBRARY = "libc++";
				CLANG_ENABLE_MODULES = YES;
				CLANG_ENABLE_OBJC_ARC = YES;
				CLANG_ENABLE_OBJC_WEAK = YES;
				CLANG_WARN_BLOCK_CAPTURE_AUTORELEASING = YES;
				CLANG_WARN_BOOL_CONVERSION = YES;
				CLANG_WARN_COMMA = YES;
				CLANG_WARN_CONSTANT_CONVERSION = YES;
				CLANG_WARN_DEPRECATED_OBJC_IMPLEMENTATIONS = YES;
				CLANG_WARN_DIRECT_OBJC_ISA_USAGE = YES_ERROR;
				CLANG_WARN_DOCUMENTATION_COMMENTS = YES;
				CLANG_WARN_EMPTY_BODY = YES;
				CLANG_WARN_ENUM_CONVERSION = YES;
				CLANG_WARN_INFINITE_RECURSION = YES;
				CLANG_WARN_INT_CONVERSION = YES;
				CLANG_WARN_NON_LITERAL_NULL_CONVERSION = YES;
				CLANG_WARN_OBJC_IMPLICIT_RETAIN_SELF = YES;
				CLANG_WARN_OBJC_LITERAL_CONVERSION = YES;
				CLANG_WARN_OBJC_ROOT_CLASS = YES_ERROR;
				CLANG_WARN_RANGE_LOOP_ANALYSIS = YES;
				CLANG_WARN_STRICT_PROTOTYPES = YES;
				CLANG_WARN_SUSPICIOUS_MOVE = YES;
				CLANG_WARN_UNGUARDED_AVAILABILITY = YES_AGGRESSIVE;
				CLANG_WARN_UNREACHABLE_CODE = YES;
				CLANG_WARN__DUPLICATE_METHOD_MATCH = YES;
				CODE_SIGN_IDENTITY = "iPhone Developer";
				COPY_PHASE_STRIP = NO;
				DEBUG_INFORMATION_FORMAT = dwarf;
				ENABLE_STRICT_OBJC_MSGSEND = YES;
				ENABLE_TESTABILITY = YES;
				GCC_C_LANGUAGE_STANDARD = gnu11;
				GCC_DYNAMIC_NO_PIC = NO;
				GCC_NO_COMMON_BLOCKS = YES;
				GCC_OPTIMIZATION_LEVEL = 0;
				GCC_PREPROCESSOR_DEFINITIONS = (
					"DEBUG=1",
					"$(inherited)",
				);
				GCC_WARN_64_TO_32_BIT_CONVERSION = YES;
				GCC_WARN_ABOUT_RETURN_TYPE = YES_ERROR;
				GCC_WARN_UNDECLARED_SELECTOR = YES;
				GCC_WARN_UNINITIALIZED_AUTOS = YES_AGGRESSIVE;
				GCC_WARN_UNUSED_FUNCTION = YES;
				GCC_WARN_UNUSED_VARIABLE = YES;
				IPHONEOS_DEPLOYMENT_TARGET = 12.2;
				MTL_ENABLE_DEBUG_INFO = INCLUDE_SOURCE;
				MTL_FAST_MATH = YES;
				ONLY_ACTIVE_ARCH = YES;
				SDKROOT = iphoneos;
			};
			name = Debug;
		};
		4F639E172272E94C00776206 /* Release */ = {
			isa = XCBuildConfiguration;
			buildSettings = {
				ALWAYS_SEARCH_USER_PATHS = NO;
				CLANG_ANALYZER_NONNULL = YES;
				CLANG_ANALYZER_NUMBER_OBJECT_CONVERSION = YES_AGGRESSIVE;
				CLANG_CXX_LANGUAGE_STANDARD = "gnu++14";
				CLANG_CXX_LIBRARY = "libc++";
				CLANG_ENABLE_MODULES = YES;
				CLANG_ENABLE_OBJC_ARC = YES;
				CLANG_ENABLE_OBJC_WEAK = YES;
				CLANG_WARN_BLOCK_CAPTURE_AUTORELEASING = YES;
				CLANG_WARN_BOOL_CONVERSION = YES;
				CLANG_WARN_COMMA = YES;
				CLANG_WARN_CONSTANT_CONVERSION = YES;
				CLANG_WARN_DEPRECATED_OBJC_IMPLEMENTATIONS = YES;
				CLANG_WARN_DIRECT_OBJC_ISA_USAGE = YES_ERROR;
				CLANG_WARN_DOCUMENTATION_COMMENTS = YES;
				CLANG_WARN_EMPTY_BODY = YES;
				CLANG_WARN_ENUM_CONVERSION = YES;
				CLANG_WARN_INFINITE_RECURSION = YES;
				CLANG_WARN_INT_CONVERSION = YES;
				CLANG_WARN_NON_LITERAL_NULL_CONVERSION = YES;
				CLANG_WARN_OBJC_IMPLICIT_RETAIN_SELF = YES;
				CLANG_WARN_OBJC_LITERAL_CONVERSION = YES;
				CLANG_WARN_OBJC_ROOT_CLASS = YES_ERROR;
				CLANG_WARN_RANGE_LOOP_ANALYSIS = YES;
				CLANG_WARN_STRICT_PROTOTYPES = YES;
				CLANG_WARN_SUSPICIOUS_MOVE = YES;
				CLANG_WARN_UNGUARDED_AVAILABILITY = YES_AGGRESSIVE;
				CLANG_WARN_UNREACHABLE_CODE = YES;
				CLANG_WARN__DUPLICATE_METHOD_MATCH = YES;
				CODE_SIGN_IDENTITY = "iPhone Developer";
				COPY_PHASE_STRIP = NO;
				DEBUG_INFORMATION_FORMAT = "dwarf-with-dsym";
				ENABLE_NS_ASSERTIONS = NO;
				ENABLE_STRICT_OBJC_MSGSEND = YES;
				GCC_C_LANGUAGE_STANDARD = gnu11;
				GCC_NO_COMMON_BLOCKS = YES;
				GCC_WARN_64_TO_32_BIT_CONVERSION = YES;
				GCC_WARN_ABOUT_RETURN_TYPE = YES_ERROR;
				GCC_WARN_UNDECLARED_SELECTOR = YES;
				GCC_WARN_UNINITIALIZED_AUTOS = YES_AGGRESSIVE;
				GCC_WARN_UNUSED_FUNCTION = YES;
				GCC_WARN_UNUSED_VARIABLE = YES;
				IPHONEOS_DEPLOYMENT_TARGET = 12.2;
				MTL_ENABLE_DEBUG_INFO = NO;
				MTL_FAST_MATH = YES;
				SDKROOT = iphoneos;
				VALIDATE_PRODUCT = YES;
			};
			name = Release;
		};
		4F639E192272E94C00776206 /* Debug */ = {
			isa = XCBuildConfiguration;
			baseConfigurationReference = 112BBBFD9B784D9191E54BF0 /* Pods-TrollApps.debug.xcconfig */;
			buildSettings = {
				ASSETCATALOG_COMPILER_APPICON_NAME = AppIcon;
				CODE_SIGN_ENTITLEMENTS = "";
				CODE_SIGN_ENTITLMENTS = YES;
				CODE_SIGN_IDENTITY = "iPhone Developer";
				CODE_SIGN_INJECT_BASE_ENTITLEMENTS = NO;
				CODE_SIGN_STYLE = Automatic;
				DEVELOPMENT_TEAM = 7RVGRL9LRW;
				INFOPLIST_FILE = TrollApps/Info.plist;
				IPHONEOS_DEPLOYMENT_TARGET = 13.0;
				LD_RUNPATH_SEARCH_PATHS = (
					"$(inherited)",
					"@executable_path/Frameworks",
				);
				PRODUCT_BUNDLE_IDENTIFIER = com.trollapps.shisange;
				PRODUCT_NAME = "$(TARGET_NAME)";
				SUPPORTED_PLATFORMS = "iphoneos iphonesimulator";
				SUPPORTS_MACCATALYST = NO;
				SUPPORTS_MAC_DESIGNED_FOR_IPHONE_IPAD = NO;
				SWIFT_VERSION = 5.0;
				TARGETED_DEVICE_FAMILY = "1,2";
			};
			name = Debug;
		};
		4F639E1A2272E94C00776206 /* Release */ = {
			isa = XCBuildConfiguration;
			baseConfigurationReference = DB30C0CD686641079CEA67C2 /* Pods-TrollApps.release.xcconfig */;
			buildSettings = {
				ASSETCATALOG_COMPILER_APPICON_NAME = AppIcon;
				CODE_SIGN_ENTITLEMENTS = "";
				CODE_SIGN_ENTITLMENTS = YES;
				CODE_SIGN_IDENTITY = "iPhone Developer";
				CODE_SIGN_INJECT_BASE_ENTITLEMENTS = NO;
				CODE_SIGN_STYLE = Automatic;
				DEVELOPMENT_TEAM = 7RVGRL9LRW;
				INFOPLIST_FILE = TrollApps/Info.plist;
				IPHONEOS_DEPLOYMENT_TARGET = 13.0;
				LD_RUNPATH_SEARCH_PATHS = (
					"$(inherited)",
					"@executable_path/Frameworks",
				);
				PRODUCT_BUNDLE_IDENTIFIER = com.trollapps.shisange;
				PRODUCT_NAME = "$(TARGET_NAME)";
				SUPPORTED_PLATFORMS = "iphoneos iphonesimulator";
				SUPPORTS_MACCATALYST = NO;
				SUPPORTS_MAC_DESIGNED_FOR_IPHONE_IPAD = NO;
				SWIFT_VERSION = 5.0;
				TARGETED_DEVICE_FAMILY = "1,2";
			};
			name = Release;
		};
/* End XCBuildConfiguration section */

/* Begin XCConfigurationList section */
		4F639DE72272E94500776206 /* Build configuration list for PBXProject "TrollApps" */ = {
			isa = XCConfigurationList;
			buildConfigurations = (
				4F639E162272E94C00776206 /* Debug */,
				4F639E172272E94C00776206 /* Release */,
			);
			defaultConfigurationIsVisible = 0;
			defaultConfigurationName = Release;
		};
		4F639E182272E94C00776206 /* Build configuration list for PBXNativeTarget "TrollApps" */ = {
			isa = XCConfigurationList;
			buildConfigurations = (
				4F639E192272E94C00776206 /* Debug */,
				4F639E1A2272E94C00776206 /* Release */,
			);
			defaultConfigurationIsVisible = 0;
			defaultConfigurationName = Release;
		};
/* End XCConfigurationList section */
	};
	rootObject = 4F639DE42272E94500776206 /* Project object */;
}
